
Microsoft Visual Studio Solution File, Format Version 12.00
# Visual Studio 15
VisualStudioVersion = 15.0.27703.2000
MinimumVisualStudioVersion = 10.0.40219.1
Project("{8BC9CEB8-8B4A-11D0-8D11-00A0C91BC942}") = "PixelScalerWin", "PixelScalerWin\PixelScalerWin.vcxproj", "{44ADF6CA-D76C-45D5-934F-B3A2893FC898}"
EndProject
Project("{8BC9CEB8-8B4A-11D0-8D11-00A0C91BC942}") = "epx", "epx\epx.vcxproj", "{390BD2CC-D690-454D-9518-ECFC0D41CE14}"
EndProject
Project("{8BC9CEB8-8B4A-11D0-8D11-00A0C91BC942}") = "scale3x", "scale3x\scale3x.vcxproj", "{1CDCF274-D286-4340-9568-E7E0073035B1}"
EndProject
Project("{8BC9CEB8-8B4A-11D0-8D11-00A0C91BC942}") = "rgb2x", "rgb2x\rgb2x.vcxproj", "{B6893D9F-A533-49D5-B1B2-7CCE2691B8D4}"
EndProject
Project("{8BC9CEB8-8B4A-11D0-8D11-00A0C91BC942}") = "des2x", "des2x\des2x.vcxproj", "{99308577-4412-4C4F-B6A7-80DBFAADF1D1}"
EndProject
Project("{8BC9CEB8-8B4A-11D0-8D11-00A0C91BC942}") = "lq2x", "lq2x\lq2x.vcxproj", "{D8DFCDEC-C51D-4412-98D2-59BB12AC9644}"
EndProject
Project("{8BC9CEB8-8B4A-11D0-8D11-00A0C91BC942}") = "eagle2x", "eagle2x\eagle2x.vcxproj", "{DF21CB0F-0E46-442C-82EF-57EDDBF4315C}"
EndProject
Project("{8BC9CEB8-8B4A-11D0-8D11-00A0C91BC942}") = "nearest", "nearest\nearest.vcxproj", "{F36BCFC0-6986-4834-A40C-F90E6A4FD01C}"
EndProject
Project("{8BC9CEB8-8B4A-11D0-8D11-00A0C91BC942}") = "bilinear", "bilinear\bilinear.vcxproj", "{70B5B345-A243-4416-9FAD-7EA232D155EB}"
EndProject
Project("{8BC9CEB8-8B4A-11D0-8D11-00A0C91BC942}") = "eagle3x", "eagle3x\eagle3x.vcxproj", "{5DA910D7-7226-46C4-BE3F-8CF7E3AC818E}"
EndProject
Project("{8BC9CEB8-8B4A-11D0-8D11-00A0C91BC942}") = "eagle3xb", "eagle3xb\eagle3xb.vcxproj", "{9EC0FB43-DBE5-44E7-BAA1-538EAFAF31BF}"
EndProject
Project("{8BC9CEB8-8B4A-11D0-8D11-00A0C91BC942}") = "tv2x", "tv2x\tv2x.vcxproj", "{B8286AB8-2E19-41E0-84CE-D59988D5A6BC}"
EndProject
Project("{8BC9CEB8-8B4A-11D0-8D11-00A0C91BC942}") = "tv3x", "tv3x\tv3x.vcxproj", "{0066C3E6-7BE0-412E-BE30-3FFF5531229A}"
EndProject
Project("{8BC9CEB8-8B4A-11D0-8D11-00A0C91BC942}") = "rgb3x", "rgb3x\rgb3x.vcxproj", "{553E589F-F3DF-4135-BD57-07D6686DDEB5}"
EndProject
Project("{8BC9CEB8-8B4A-11D0-8D11-00A0C91BC942}") = "magnify2x", "magnify2x\magnify2x.vcxproj", "{390F6B09-0BCF-48B5-82B8-6FF54A4D5CBF}"
EndProject
Project("{8BC9CEB8-8B4A-11D0-8D11-00A0C91BC942}") = "magnify3x", "magnify3x\magnify3x.vcxproj", "{D942A469-D8EC-428A-B223-88D1B170E47A}"
EndProject
Project("{8BC9CEB8-8B4A-11D0-8D11-00A0C91BC942}") = "super2x", "super2x\super2x.vcxproj", "{22A928DF-6BE0-4210-8FCD-A2EBCA4A521A}"
EndProject
Project("{8BC9CEB8-8B4A-11D0-8D11-00A0C91BC942}") = "ultra2x", "ultra2x\ultra2x.vcxproj", "{E3C72AD5-8AE4-464A-8E23-9402CA775F1A}"
EndProject
Project("{8BC9CEB8-8B4A-11D0-8D11-00A0C91BC942}") = "2xscl", "2xscl\2xscl.vcxproj", "{8435A063-F0EC-46C5-BBE8-F0EF2AEDDE18}"
EndProject
Project("{8BC9CEB8-8B4A-11D0-8D11-00A0C91BC942}") = "advmameinterp2x", "advmameinterp2x\advmameinterp2x.vcxproj", "{D658348F-E2F3-45F9-BEE9-D869CDD8926A}"
EndProject
Project("{8BC9CEB8-8B4A-11D0-8D11-00A0C91BC942}") = "xbr2x", "xbr2x\xbr2x.vcxproj", "{B254ACA8-F8EF-4DDD-9960-356378752260}"
EndProject
Project("{8BC9CEB8-8B4A-11D0-8D11-00A0C91BC942}") = "xbr3x", "xbr3x\xbr3x.vcxproj", "{24D6B4AD-F401-4752-A14E-4A9541340C10}"
EndProject
Project("{8BC9CEB8-8B4A-11D0-8D11-00A0C91BC942}") = "xbr4x", "xbr4x\xbr4x.vcxproj", "{62081E79-53D7-4A43-8784-76FA1DE9BB86}"
EndProject
Project("{8BC9CEB8-8B4A-11D0-8D11-00A0C91BC942}") = "horiz2x", "horiz2x\horiz2x.vcxproj", "{78B62BC5-388F-4BEB-A91E-C55B08F02084}"
EndProject
Project("{8BC9CEB8-8B4A-11D0-8D11-00A0C91BC942}") = "vertscan2x", "vertscan2x\vertscan2x.vcxproj", "{2B890212-9C22-4AB5-BF90-5749AF381FF4}"
EndProject
Project("{8BC9CEB8-8B4A-11D0-8D11-00A0C91BC942}") = "horiz3x", "horiz3x\horiz3x.vcxproj", "{F9FD2B22-BC3A-409A-B89C-7E71DF836B43}"
EndProject
Project("{8BC9CEB8-8B4A-11D0-8D11-00A0C91BC942}") = "gray", "gray\gray.vcxproj", "{28140175-DB23-4411-8863-641AC23ECC4E}"
EndProject
Project("{8BC9CEB8-8B4A-11D0-8D11-00A0C91BC942}") = "hq2x", "hq2x\hq2x.vcxproj", "{9DD0094C-630D-49B4-B68F-8A9A4F703504}"
EndProject
Project("{8BC9CEB8-8B4A-11D0-8D11-00A0C91BC942}") = "hq3x", "hq3x\hq3x.vcxproj", "{597F4459-6BE6-4D4E-B9CA-207F2E5C7360}"
EndProject
Project("{8BC9CEB8-8B4A-11D0-8D11-00A0C91BC942}") = "hq4x", "hq4x\hq4x.vcxproj", "{E2F5D7E4-D893-4BB9-9254-35F25D20F356}"
EndProject
Project("{8BC9CEB8-8B4A-11D0-8D11-00A0C91BC942}") = "advmameinterp3x", "advmameinterp3x\advmameinterp3x.vcxproj", "{81747BFD-D4F0-4A50-A165-3738C3E19480}"
EndProject
Project("{8BC9CEB8-8B4A-11D0-8D11-00A0C91BC942}") = "lq3x", "lq3x\lq3x.vcxproj", "{20E3A4BD-7909-4FD1-B679-34B4AABEF8DB}"
EndProject
Project("{8BC9CEB8-8B4A-11D0-8D11-00A0C91BC942}") = "lq4x", "lq4x\lq4x.vcxproj", "{F7478BD2-5516-4B6C-B0B5-73D6B0D5108D}"
EndProject
Project("{8BC9CEB8-8B4A-11D0-8D11-00A0C91BC942}") = "supereagle", "supereagle\supereagle.vcxproj", "{21CC7DED-5694-48B6-B3FD-28A8B6616CF8}"
EndProject
Project("{8BC9CEB8-8B4A-11D0-8D11-00A0C91BC942}") = "2xsai", "2xsai\2xsai.vcxproj", "{F175BA15-DA74-40FA-9821-7FB20C5B8BDC}"
EndProject
Project("{8BC9CEB8-8B4A-11D0-8D11-00A0C91BC942}") = "supersai", "supersai\supersai.vcxproj", "{C3E1F222-16F4-461E-A2EF-C4BA785C6356}"
EndProject
Project("{8BC9CEB8-8B4A-11D0-8D11-00A0C91BC942}") = "amscale2x", "amscale2x\amscale2x.vcxproj", "{CAAFD729-2B23-4B36-80CE-ED60A15A847C}"
EndProject
Project("{8BC9CEB8-8B4A-11D0-8D11-00A0C91BC942}") = "amscale3x", "amscale3x\amscale3x.vcxproj", "{5C2F10C0-2409-4E0E-A35D-2DBB8C153E1C}"
EndProject
Project("{8BC9CEB8-8B4A-11D0-8D11-00A0C91BC942}") = "bilinearplus", "bilinearplus\bilinearplus.vcxproj", "{CD08B53E-9203-4D22-96B6-47FE44D978EA}"
EndProject
Project("{8BC9CEB8-8B4A-11D0-8D11-00A0C91BC942}") = "bilinear++", "bilinear++\bilinear++.vcxproj", "{3B15CE5B-D6B4-4BE8-9478-4D9C190B0BD2}"
EndProject
Project("{8BC9CEB8-8B4A-11D0-8D11-00A0C91BC942}") = "reverseaa", "reverseaa\reverseaa.vcxproj", "{4FAABFE7-979D-4A64-8438-B47B4C2460AC}"
EndProject
Project("{8BC9CEB8-8B4A-11D0-8D11-00A0C91BC942}") = "epxb", "epxb\epxb.vcxproj", "{1FE20E12-EB5F-4B6E-9494-1C719638C9F4}"
EndProject
Project("{8BC9CEB8-8B4A-11D0-8D11-00A0C91BC942}") = "epxc", "epxc\epxc.vcxproj", "{5E8390DB-1011-4AD3-A8C1-A036949FE646}"
EndProject
Project("{8BC9CEB8-8B4A-11D0-8D11-00A0C91BC942}") = "epx3", "epx3\epx3.vcxproj", "{67172C84-C0D1-4B70-BDA7-1D5A7CA8F4FD}"
EndProject
Project("{8BC9CEB8-8B4A-11D0-8D11-00A0C91BC942}") = "des", "des\des.vcxproj", "{3510611F-BC17-44C5-8E26-85F5581DC595}"
EndProject
Project("{8BC9CEB8-8B4A-11D0-8D11-00A0C91BC942}") = "fliph", "fliph\fliph.vcxproj", "{C3C5094A-F478-45BD-8B42-DF61BF7C21AA}"
EndProject
Project("{8BC9CEB8-8B4A-11D0-8D11-00A0C91BC942}") = "flipv", "flipv\flipv.vcxproj", "{0ED137B2-8651-4E3D-83D8-8E19D5878768}"
EndProject
Project("{8BC9CEB8-8B4A-11D0-8D11-00A0C91BC942}") = "rotate90", "rotate90\rotate90.vcxproj", "{BC14C07C-16BA-4CEC-A8C7-C5FB996F19DA}"
EndProject
Project("{8BC9CEB8-8B4A-11D0-8D11-00A0C91BC942}") = "rotate180", "rotate180\rotate180.vcxproj", "{B8EB422F-D944-4806-8E4C-8D2458A98197}"
EndProject
Project("{8BC9CEB8-8B4A-11D0-8D11-00A0C91BC942}") = "rotate270", "rotate270\rotate270.vcxproj", "{5C83D856-0BC9-4286-8957-F3F63B1AE707}"
EndProject
Project("{8BC9CEB8-8B4A-11D0-8D11-00A0C91BC942}") = "xbrz2x", "xbrz2x\xbrz2x.vcxproj", "{83459F5E-1147-4F75-B2A0-7B626B3A9296}"
EndProject
Project("{8BC9CEB8-8B4A-11D0-8D11-00A0C91BC942}") = "xbrz3x", "xbrz3x\xbrz3x.vcxproj", "{E833939E-76C4-4F82-B3B2-8D01B09470CC}"
EndProject
Project("{8BC9CEB8-8B4A-11D0-8D11-00A0C91BC942}") = "xbrz4x", "xbrz4x\xbrz4x.vcxproj", "{89BE775C-2910-4D9C-B341-DCED79BAFC78}"
EndProject
Project("{8BC9CEB8-8B4A-11D0-8D11-00A0C91BC942}") = "xbrz5x", "xbrz5x\xbrz5x.vcxproj", "{39B46CBA-36FE-4CC1-8C02-FAF7B1AC0160}"
EndProject
Project("{8BC9CEB8-8B4A-11D0-8D11-00A0C91BC942}") = "hq2x3", "hq2x3\hq2x3.vcxproj", "{805638E0-BABA-4EA4-A016-A7C400B27001}"
EndProject
Project("{8BC9CEB8-8B4A-11D0-8D11-00A0C91BC942}") = "hq2x4", "hq2x4\hq2x4.vcxproj", "{A3A62D60-E74B-4596-8FDC-B12B9F69FE8A}"
EndProject
Project("{8BC9CEB8-8B4A-11D0-8D11-00A0C91BC942}") = "lq2x3", "lq2x3\lq2x3.vcxproj", "{142A15D1-1B47-4B7C-8F38-7DAAEABE4FB4}"
EndProject
Project("{8BC9CEB8-8B4A-11D0-8D11-00A0C91BC942}") = "lq2x4", "lq2x4\lq2x4.vcxproj", "{81EB231E-2919-47FC-A8CE-4F27B408872F}"
EndProject
Project("{8BC9CEB8-8B4A-11D0-8D11-00A0C91BC942}") = "xbrz6x", "xbrz6x\xbrz6x.vcxproj", "{BE9E121A-8735-425B-80EF-A5ACE8F48BF2}"
EndProject
Project("{8BC9CEB8-8B4A-11D0-8D11-00A0C91BC942}") = "hq2xbold", "hq2xbold\hq2xbold.vcxproj", "{D6584904-4B01-4E85-A326-8DE21E8C4687}"
EndProject
Project("{8BC9CEB8-8B4A-11D0-8D11-00A0C91BC942}") = "hq3xbold", "hq3xbold\hq3xbold.vcxproj", "{D703EBF0-08E9-47A8-90CC-68488E699F51}"
EndProject
Project("{8BC9CEB8-8B4A-11D0-8D11-00A0C91BC942}") = "hq4xbold", "hq4xbold\hq4xbold.vcxproj", "{49A18AB2-9EC9-46B2-8493-C6E04A5B416D}"
EndProject
Project("{8BC9CEB8-8B4A-11D0-8D11-00A0C91BC942}") = "hq2x3bold", "hq2x3bold\hq2x3bold.vcxproj", "{F516872A-B650-4A00-B988-7BD293DC316E}"
EndProject
Project("{8BC9CEB8-8B4A-11D0-8D11-00A0C91BC942}") = "hq2x4bold", "hq2x4bold\hq2x4bold.vcxproj", "{DD403DC9-2472-4157-B840-2F133F553EE6}"
EndProject
Project("{8BC9CEB8-8B4A-11D0-8D11-00A0C91BC942}") = "lq2xbold", "lq2xbold\lq2xbold.vcxproj", "{E17E02BD-5B1D-4671-8428-581CDAD2126A}"
EndProject
Project("{8BC9CEB8-8B4A-11D0-8D11-00A0C91BC942}") = "lq3xbold", "lq3xbold\lq3xbold.vcxproj", "{7501A682-CD27-4236-85B9-480584DA748C}"
EndProject
Project("{8BC9CEB8-8B4A-11D0-8D11-00A0C91BC942}") = "lq4xbold", "lq4xbold\lq4xbold.vcxproj", "{0305F86F-8663-4FF5-A6DC-38C044360B56}"
EndProject
Project("{8BC9CEB8-8B4A-11D0-8D11-00A0C91BC942}") = "lq2x3bold", "lq2x3bold\lq2x3bold.vcxproj", "{27341733-9C75-499C-A950-4539543498D3}"
EndProject
Project("{8BC9CEB8-8B4A-11D0-8D11-00A0C91BC942}") = "lq2x4bold", "lq2x4bold\lq2x4bold.vcxproj", "{98ADFC09-3C56-4C5A-AD5E-27973A2A2BC3}"
EndProject
Project("{8BC9CEB8-8B4A-11D0-8D11-00A0C91BC942}") = "brightness10", "brightness10\brightness10.vcxproj", "{AEE6D45C-81F5-4D1F-8AF2-3B7000CACFE6}"
EndProject
Project("{8BC9CEB8-8B4A-11D0-8D11-00A0C91BC942}") = "gameboygreen", "gameboygreen\gameboygreen.vcxproj", "{4C7EF76C-CF80-4436-9247-BD8D16CB60C8}"
EndProject
Project("{8BC9CEB8-8B4A-11D0-8D11-00A0C91BC942}") = "lcdgreen", "lcdgreen\lcdgreen.vcxproj", "{2C659200-5708-4B6B-A44A-11D54FE11EAA}"
EndProject
Project("{8BC9CEB8-8B4A-11D0-8D11-00A0C91BC942}") = "heat70", "heat70\heat70.vcxproj", "{44B90F7A-6066-4C4F-B0B7-90976DA05FE9}"
EndProject
Project("{8BC9CEB8-8B4A-11D0-8D11-00A0C91BC942}") = "cgalo", "cgalo\cgalo.vcxproj", "{301CF426-A02A-4237-B2BC-39E0D3A8BF03}"
EndProject
Project("{8BC9CEB8-8B4A-11D0-8D11-00A0C91BC942}") = "cgahi", "cgahi\cgahi.vcxproj", "{D0B8A177-AE49-4A93-96BB-390306FA3288}"
EndProject
Project("{8BC9CEB8-8B4A-11D0-8D11-00A0C91BC942}") = "cgalo2", "cgalo2\cgalo2.vcxproj", "{7EDAF0CE-3114-4B05-B155-DF1A2F5662F6}"
EndProject
Project("{8BC9CEB8-8B4A-11D0-8D11-00A0C91BC942}") = "cgahi2", "cgahi2\cgahi2.vcxproj", "{6EA7A9BA-0185-4BD1-B172-3E2B5BC07DB5}"
EndProject
Project("{8BC9CEB8-8B4A-11D0-8D11-00A0C91BC942}") = "rgbpal01", "rgbpal01\rgbpal01.vcxproj", "{35489FD1-0FBA-406E-8545-C0B75881276D}"
EndProject
Project("{8BC9CEB8-8B4A-11D0-8D11-00A0C91BC942}") = "hot01", "hot01\hot01.vcxproj", "{AD89426A-05E5-4BEA-97E4-60808159AC2E}"
EndProject
Project("{8BC9CEB8-8B4A-11D0-8D11-00A0C91BC942}") = "hot02", "hot02\hot02.vcxproj", "{598F8A1D-5B9C-4E30-A0FB-EC5348A69CE3}"
EndProject
Project("{8BC9CEB8-8B4A-11D0-8D11-00A0C91BC942}") = "egapal01", "egapal01\egapal01.vcxproj", "{AB8D462A-241B-43AF-84DD-CB612EEEB51F}"
EndProject
Project("{8BC9CEB8-8B4A-11D0-8D11-00A0C91BC942}") = "cgalo3", "cgalo3\cgalo3.vcxproj", "{3E109B69-9100-4985-9D35-CDFAB36C5B36}"
EndProject
Project("{8BC9CEB8-8B4A-11D0-8D11-00A0C91BC942}") = "cgahi3", "cgahi3\cgahi3.vcxproj", "{5E05DC92-F986-46EC-80D0-9B0123E33DF9}"
EndProject
Project("{8BC9CEB8-8B4A-11D0-8D11-00A0C91BC942}") = "supergameboy", "supergameboy\supergameboy.vcxproj", "{CD8A8CF4-5DEA-472F-88DD-49728BD6165C}"
EndProject
Project("{8BC9CEB8-8B4A-11D0-8D11-00A0C91BC942}") = "gbc01", "gbc01\gbc01.vcxproj", "{CD321745-8DA8-4C67-A341-21431367E607}"
EndProject
Project("{8BC9CEB8-8B4A-11D0-8D11-00A0C91BC942}") = "gbc02", "gbc02\gbc02.vcxproj", "{E967FE2E-C9C5-45CC-9907-BE5DEAA48138}"
EndProject
Project("{8BC9CEB8-8B4A-11D0-8D11-00A0C91BC942}") = "gbc03", "gbc03\gbc03.vcxproj", "{EA6B7486-83EE-43F7-B4A1-184D631B3751}"
EndProject
Project("{8BC9CEB8-8B4A-11D0-8D11-00A0C91BC942}") = "sgb00", "sgb00\sgb00.vcxproj", "{518E8AAB-29DB-4429-8D23-0EA24CD7BE37}"
EndProject
Global
	GlobalSection(SolutionConfigurationPlatforms) = preSolution
		Debug|x64 = Debug|x64
		Debug|x86 = Debug|x86
		Release|x64 = Release|x64
		Release|x86 = Release|x86
	EndGlobalSection
	GlobalSection(ProjectConfigurationPlatforms) = postSolution
		{44ADF6CA-D76C-45D5-934F-B3A2893FC898}.Debug|x64.ActiveCfg = Debug|x64
		{44ADF6CA-D76C-45D5-934F-B3A2893FC898}.Debug|x64.Build.0 = Debug|x64
		{44ADF6CA-D76C-45D5-934F-B3A2893FC898}.Debug|x86.ActiveCfg = Debug|Win32
		{44ADF6CA-D76C-45D5-934F-B3A2893FC898}.Debug|x86.Build.0 = Debug|Win32
		{44ADF6CA-D76C-45D5-934F-B3A2893FC898}.Release|x64.ActiveCfg = Release|x64
		{44ADF6CA-D76C-45D5-934F-B3A2893FC898}.Release|x64.Build.0 = Release|x64
		{44ADF6CA-D76C-45D5-934F-B3A2893FC898}.Release|x86.ActiveCfg = Release|Win32
		{44ADF6CA-D76C-45D5-934F-B3A2893FC898}.Release|x86.Build.0 = Release|Win32
		{390BD2CC-D690-454D-9518-ECFC0D41CE14}.Debug|x64.ActiveCfg = Debug|x64
		{390BD2CC-D690-454D-9518-ECFC0D41CE14}.Debug|x64.Build.0 = Debug|x64
		{390BD2CC-D690-454D-9518-ECFC0D41CE14}.Debug|x86.ActiveCfg = Debug|Win32
		{390BD2CC-D690-454D-9518-ECFC0D41CE14}.Debug|x86.Build.0 = Debug|Win32
		{390BD2CC-D690-454D-9518-ECFC0D41CE14}.Release|x64.ActiveCfg = Release|x64
		{390BD2CC-D690-454D-9518-ECFC0D41CE14}.Release|x64.Build.0 = Release|x64
		{390BD2CC-D690-454D-9518-ECFC0D41CE14}.Release|x86.ActiveCfg = Release|Win32
		{390BD2CC-D690-454D-9518-ECFC0D41CE14}.Release|x86.Build.0 = Release|Win32
		{1CDCF274-D286-4340-9568-E7E0073035B1}.Debug|x64.ActiveCfg = Debug|x64
		{1CDCF274-D286-4340-9568-E7E0073035B1}.Debug|x64.Build.0 = Debug|x64
		{1CDCF274-D286-4340-9568-E7E0073035B1}.Debug|x86.ActiveCfg = Debug|Win32
		{1CDCF274-D286-4340-9568-E7E0073035B1}.Debug|x86.Build.0 = Debug|Win32
		{1CDCF274-D286-4340-9568-E7E0073035B1}.Release|x64.ActiveCfg = Release|x64
		{1CDCF274-D286-4340-9568-E7E0073035B1}.Release|x64.Build.0 = Release|x64
		{1CDCF274-D286-4340-9568-E7E0073035B1}.Release|x86.ActiveCfg = Release|Win32
		{1CDCF274-D286-4340-9568-E7E0073035B1}.Release|x86.Build.0 = Release|Win32
		{B6893D9F-A533-49D5-B1B2-7CCE2691B8D4}.Debug|x64.ActiveCfg = Debug|x64
		{B6893D9F-A533-49D5-B1B2-7CCE2691B8D4}.Debug|x64.Build.0 = Debug|x64
		{B6893D9F-A533-49D5-B1B2-7CCE2691B8D4}.Debug|x86.ActiveCfg = Debug|Win32
		{B6893D9F-A533-49D5-B1B2-7CCE2691B8D4}.Debug|x86.Build.0 = Debug|Win32
		{B6893D9F-A533-49D5-B1B2-7CCE2691B8D4}.Release|x64.ActiveCfg = Release|x64
		{B6893D9F-A533-49D5-B1B2-7CCE2691B8D4}.Release|x64.Build.0 = Release|x64
		{B6893D9F-A533-49D5-B1B2-7CCE2691B8D4}.Release|x86.ActiveCfg = Release|Win32
		{B6893D9F-A533-49D5-B1B2-7CCE2691B8D4}.Release|x86.Build.0 = Release|Win32
		{99308577-4412-4C4F-B6A7-80DBFAADF1D1}.Debug|x64.ActiveCfg = Debug|x64
		{99308577-4412-4C4F-B6A7-80DBFAADF1D1}.Debug|x64.Build.0 = Debug|x64
		{99308577-4412-4C4F-B6A7-80DBFAADF1D1}.Debug|x86.ActiveCfg = Debug|Win32
		{99308577-4412-4C4F-B6A7-80DBFAADF1D1}.Debug|x86.Build.0 = Debug|Win32
		{99308577-4412-4C4F-B6A7-80DBFAADF1D1}.Release|x64.ActiveCfg = Release|x64
		{99308577-4412-4C4F-B6A7-80DBFAADF1D1}.Release|x64.Build.0 = Release|x64
		{99308577-4412-4C4F-B6A7-80DBFAADF1D1}.Release|x86.ActiveCfg = Release|Win32
		{99308577-4412-4C4F-B6A7-80DBFAADF1D1}.Release|x86.Build.0 = Release|Win32
		{D8DFCDEC-C51D-4412-98D2-59BB12AC9644}.Debug|x64.ActiveCfg = Debug|x64
		{D8DFCDEC-C51D-4412-98D2-59BB12AC9644}.Debug|x64.Build.0 = Debug|x64
		{D8DFCDEC-C51D-4412-98D2-59BB12AC9644}.Debug|x86.ActiveCfg = Debug|Win32
		{D8DFCDEC-C51D-4412-98D2-59BB12AC9644}.Debug|x86.Build.0 = Debug|Win32
		{D8DFCDEC-C51D-4412-98D2-59BB12AC9644}.Release|x64.ActiveCfg = Release|x64
		{D8DFCDEC-C51D-4412-98D2-59BB12AC9644}.Release|x64.Build.0 = Release|x64
		{D8DFCDEC-C51D-4412-98D2-59BB12AC9644}.Release|x86.ActiveCfg = Release|Win32
		{D8DFCDEC-C51D-4412-98D2-59BB12AC9644}.Release|x86.Build.0 = Release|Win32
		{DF21CB0F-0E46-442C-82EF-57EDDBF4315C}.Debug|x64.ActiveCfg = Debug|x64
		{DF21CB0F-0E46-442C-82EF-57EDDBF4315C}.Debug|x64.Build.0 = Debug|x64
		{DF21CB0F-0E46-442C-82EF-57EDDBF4315C}.Debug|x86.ActiveCfg = Debug|Win32
		{DF21CB0F-0E46-442C-82EF-57EDDBF4315C}.Debug|x86.Build.0 = Debug|Win32
		{DF21CB0F-0E46-442C-82EF-57EDDBF4315C}.Release|x64.ActiveCfg = Release|x64
		{DF21CB0F-0E46-442C-82EF-57EDDBF4315C}.Release|x64.Build.0 = Release|x64
		{DF21CB0F-0E46-442C-82EF-57EDDBF4315C}.Release|x86.ActiveCfg = Release|Win32
		{DF21CB0F-0E46-442C-82EF-57EDDBF4315C}.Release|x86.Build.0 = Release|Win32
		{F36BCFC0-6986-4834-A40C-F90E6A4FD01C}.Debug|x64.ActiveCfg = Debug|x64
		{F36BCFC0-6986-4834-A40C-F90E6A4FD01C}.Debug|x64.Build.0 = Debug|x64
		{F36BCFC0-6986-4834-A40C-F90E6A4FD01C}.Debug|x86.ActiveCfg = Debug|Win32
		{F36BCFC0-6986-4834-A40C-F90E6A4FD01C}.Debug|x86.Build.0 = Debug|Win32
		{F36BCFC0-6986-4834-A40C-F90E6A4FD01C}.Release|x64.ActiveCfg = Release|x64
		{F36BCFC0-6986-4834-A40C-F90E6A4FD01C}.Release|x64.Build.0 = Release|x64
		{F36BCFC0-6986-4834-A40C-F90E6A4FD01C}.Release|x86.ActiveCfg = Release|Win32
		{F36BCFC0-6986-4834-A40C-F90E6A4FD01C}.Release|x86.Build.0 = Release|Win32
		{70B5B345-A243-4416-9FAD-7EA232D155EB}.Debug|x64.ActiveCfg = Debug|x64
		{70B5B345-A243-4416-9FAD-7EA232D155EB}.Debug|x64.Build.0 = Debug|x64
		{70B5B345-A243-4416-9FAD-7EA232D155EB}.Debug|x86.ActiveCfg = Debug|Win32
		{70B5B345-A243-4416-9FAD-7EA232D155EB}.Debug|x86.Build.0 = Debug|Win32
		{70B5B345-A243-4416-9FAD-7EA232D155EB}.Release|x64.ActiveCfg = Release|x64
		{70B5B345-A243-4416-9FAD-7EA232D155EB}.Release|x64.Build.0 = Release|x64
		{70B5B345-A243-4416-9FAD-7EA232D155EB}.Release|x86.ActiveCfg = Release|Win32
		{70B5B345-A243-4416-9FAD-7EA232D155EB}.Release|x86.Build.0 = Release|Win32
		{5DA910D7-7226-46C4-BE3F-8CF7E3AC818E}.Debug|x64.ActiveCfg = Debug|x64
		{5DA910D7-7226-46C4-BE3F-8CF7E3AC818E}.Debug|x64.Build.0 = Debug|x64
		{5DA910D7-7226-46C4-BE3F-8CF7E3AC818E}.Debug|x86.ActiveCfg = Debug|Win32
		{5DA910D7-7226-46C4-BE3F-8CF7E3AC818E}.Debug|x86.Build.0 = Debug|Win32
		{5DA910D7-7226-46C4-BE3F-8CF7E3AC818E}.Release|x64.ActiveCfg = Release|x64
		{5DA910D7-7226-46C4-BE3F-8CF7E3AC818E}.Release|x64.Build.0 = Release|x64
		{5DA910D7-7226-46C4-BE3F-8CF7E3AC818E}.Release|x86.ActiveCfg = Release|Win32
		{5DA910D7-7226-46C4-BE3F-8CF7E3AC818E}.Release|x86.Build.0 = Release|Win32
		{9EC0FB43-DBE5-44E7-BAA1-538EAFAF31BF}.Debug|x64.ActiveCfg = Debug|x64
		{9EC0FB43-DBE5-44E7-BAA1-538EAFAF31BF}.Debug|x64.Build.0 = Debug|x64
		{9EC0FB43-DBE5-44E7-BAA1-538EAFAF31BF}.Debug|x86.ActiveCfg = Debug|Win32
		{9EC0FB43-DBE5-44E7-BAA1-538EAFAF31BF}.Debug|x86.Build.0 = Debug|Win32
		{9EC0FB43-DBE5-44E7-BAA1-538EAFAF31BF}.Release|x64.ActiveCfg = Release|x64
		{9EC0FB43-DBE5-44E7-BAA1-538EAFAF31BF}.Release|x64.Build.0 = Release|x64
		{9EC0FB43-DBE5-44E7-BAA1-538EAFAF31BF}.Release|x86.ActiveCfg = Release|Win32
		{9EC0FB43-DBE5-44E7-BAA1-538EAFAF31BF}.Release|x86.Build.0 = Release|Win32
		{B8286AB8-2E19-41E0-84CE-D59988D5A6BC}.Debug|x64.ActiveCfg = Debug|x64
		{B8286AB8-2E19-41E0-84CE-D59988D5A6BC}.Debug|x64.Build.0 = Debug|x64
		{B8286AB8-2E19-41E0-84CE-D59988D5A6BC}.Debug|x86.ActiveCfg = Debug|Win32
		{B8286AB8-2E19-41E0-84CE-D59988D5A6BC}.Debug|x86.Build.0 = Debug|Win32
		{B8286AB8-2E19-41E0-84CE-D59988D5A6BC}.Release|x64.ActiveCfg = Release|x64
		{B8286AB8-2E19-41E0-84CE-D59988D5A6BC}.Release|x64.Build.0 = Release|x64
		{B8286AB8-2E19-41E0-84CE-D59988D5A6BC}.Release|x86.ActiveCfg = Release|Win32
		{B8286AB8-2E19-41E0-84CE-D59988D5A6BC}.Release|x86.Build.0 = Release|Win32
		{0066C3E6-7BE0-412E-BE30-3FFF5531229A}.Debug|x64.ActiveCfg = Debug|x64
		{0066C3E6-7BE0-412E-BE30-3FFF5531229A}.Debug|x64.Build.0 = Debug|x64
		{0066C3E6-7BE0-412E-BE30-3FFF5531229A}.Debug|x86.ActiveCfg = Debug|Win32
		{0066C3E6-7BE0-412E-BE30-3FFF5531229A}.Debug|x86.Build.0 = Debug|Win32
		{0066C3E6-7BE0-412E-BE30-3FFF5531229A}.Release|x64.ActiveCfg = Release|x64
		{0066C3E6-7BE0-412E-BE30-3FFF5531229A}.Release|x64.Build.0 = Release|x64
		{0066C3E6-7BE0-412E-BE30-3FFF5531229A}.Release|x86.ActiveCfg = Release|Win32
		{0066C3E6-7BE0-412E-BE30-3FFF5531229A}.Release|x86.Build.0 = Release|Win32
		{553E589F-F3DF-4135-BD57-07D6686DDEB5}.Debug|x64.ActiveCfg = Debug|x64
		{553E589F-F3DF-4135-BD57-07D6686DDEB5}.Debug|x64.Build.0 = Debug|x64
		{553E589F-F3DF-4135-BD57-07D6686DDEB5}.Debug|x86.ActiveCfg = Debug|Win32
		{553E589F-F3DF-4135-BD57-07D6686DDEB5}.Debug|x86.Build.0 = Debug|Win32
		{553E589F-F3DF-4135-BD57-07D6686DDEB5}.Release|x64.ActiveCfg = Release|x64
		{553E589F-F3DF-4135-BD57-07D6686DDEB5}.Release|x64.Build.0 = Release|x64
		{553E589F-F3DF-4135-BD57-07D6686DDEB5}.Release|x86.ActiveCfg = Release|Win32
		{553E589F-F3DF-4135-BD57-07D6686DDEB5}.Release|x86.Build.0 = Release|Win32
		{390F6B09-0BCF-48B5-82B8-6FF54A4D5CBF}.Debug|x64.ActiveCfg = Debug|x64
		{390F6B09-0BCF-48B5-82B8-6FF54A4D5CBF}.Debug|x64.Build.0 = Debug|x64
		{390F6B09-0BCF-48B5-82B8-6FF54A4D5CBF}.Debug|x86.ActiveCfg = Debug|Win32
		{390F6B09-0BCF-48B5-82B8-6FF54A4D5CBF}.Debug|x86.Build.0 = Debug|Win32
		{390F6B09-0BCF-48B5-82B8-6FF54A4D5CBF}.Release|x64.ActiveCfg = Release|x64
		{390F6B09-0BCF-48B5-82B8-6FF54A4D5CBF}.Release|x64.Build.0 = Release|x64
		{390F6B09-0BCF-48B5-82B8-6FF54A4D5CBF}.Release|x86.ActiveCfg = Release|Win32
		{390F6B09-0BCF-48B5-82B8-6FF54A4D5CBF}.Release|x86.Build.0 = Release|Win32
		{D942A469-D8EC-428A-B223-88D1B170E47A}.Debug|x64.ActiveCfg = Debug|x64
		{D942A469-D8EC-428A-B223-88D1B170E47A}.Debug|x64.Build.0 = Debug|x64
		{D942A469-D8EC-428A-B223-88D1B170E47A}.Debug|x86.ActiveCfg = Debug|Win32
		{D942A469-D8EC-428A-B223-88D1B170E47A}.Debug|x86.Build.0 = Debug|Win32
		{D942A469-D8EC-428A-B223-88D1B170E47A}.Release|x64.ActiveCfg = Release|x64
		{D942A469-D8EC-428A-B223-88D1B170E47A}.Release|x64.Build.0 = Release|x64
		{D942A469-D8EC-428A-B223-88D1B170E47A}.Release|x86.ActiveCfg = Release|Win32
		{D942A469-D8EC-428A-B223-88D1B170E47A}.Release|x86.Build.0 = Release|Win32
		{22A928DF-6BE0-4210-8FCD-A2EBCA4A521A}.Debug|x64.ActiveCfg = Debug|x64
		{22A928DF-6BE0-4210-8FCD-A2EBCA4A521A}.Debug|x64.Build.0 = Debug|x64
		{22A928DF-6BE0-4210-8FCD-A2EBCA4A521A}.Debug|x86.ActiveCfg = Debug|Win32
		{22A928DF-6BE0-4210-8FCD-A2EBCA4A521A}.Debug|x86.Build.0 = Debug|Win32
		{22A928DF-6BE0-4210-8FCD-A2EBCA4A521A}.Release|x64.ActiveCfg = Release|x64
		{22A928DF-6BE0-4210-8FCD-A2EBCA4A521A}.Release|x64.Build.0 = Release|x64
		{22A928DF-6BE0-4210-8FCD-A2EBCA4A521A}.Release|x86.ActiveCfg = Release|Win32
		{22A928DF-6BE0-4210-8FCD-A2EBCA4A521A}.Release|x86.Build.0 = Release|Win32
		{E3C72AD5-8AE4-464A-8E23-9402CA775F1A}.Debug|x64.ActiveCfg = Debug|x64
		{E3C72AD5-8AE4-464A-8E23-9402CA775F1A}.Debug|x64.Build.0 = Debug|x64
		{E3C72AD5-8AE4-464A-8E23-9402CA775F1A}.Debug|x86.ActiveCfg = Debug|Win32
		{E3C72AD5-8AE4-464A-8E23-9402CA775F1A}.Debug|x86.Build.0 = Debug|Win32
		{E3C72AD5-8AE4-464A-8E23-9402CA775F1A}.Release|x64.ActiveCfg = Release|x64
		{E3C72AD5-8AE4-464A-8E23-9402CA775F1A}.Release|x64.Build.0 = Release|x64
		{E3C72AD5-8AE4-464A-8E23-9402CA775F1A}.Release|x86.ActiveCfg = Release|Win32
		{E3C72AD5-8AE4-464A-8E23-9402CA775F1A}.Release|x86.Build.0 = Release|Win32
		{8435A063-F0EC-46C5-BBE8-F0EF2AEDDE18}.Debug|x64.ActiveCfg = Debug|x64
		{8435A063-F0EC-46C5-BBE8-F0EF2AEDDE18}.Debug|x64.Build.0 = Debug|x64
		{8435A063-F0EC-46C5-BBE8-F0EF2AEDDE18}.Debug|x86.ActiveCfg = Debug|Win32
		{8435A063-F0EC-46C5-BBE8-F0EF2AEDDE18}.Debug|x86.Build.0 = Debug|Win32
		{8435A063-F0EC-46C5-BBE8-F0EF2AEDDE18}.Release|x64.ActiveCfg = Release|x64
		{8435A063-F0EC-46C5-BBE8-F0EF2AEDDE18}.Release|x64.Build.0 = Release|x64
		{8435A063-F0EC-46C5-BBE8-F0EF2AEDDE18}.Release|x86.ActiveCfg = Release|Win32
		{8435A063-F0EC-46C5-BBE8-F0EF2AEDDE18}.Release|x86.Build.0 = Release|Win32
		{D658348F-E2F3-45F9-BEE9-D869CDD8926A}.Debug|x64.ActiveCfg = Debug|x64
		{D658348F-E2F3-45F9-BEE9-D869CDD8926A}.Debug|x64.Build.0 = Debug|x64
		{D658348F-E2F3-45F9-BEE9-D869CDD8926A}.Debug|x86.ActiveCfg = Debug|Win32
		{D658348F-E2F3-45F9-BEE9-D869CDD8926A}.Debug|x86.Build.0 = Debug|Win32
		{D658348F-E2F3-45F9-BEE9-D869CDD8926A}.Release|x64.ActiveCfg = Release|x64
		{D658348F-E2F3-45F9-BEE9-D869CDD8926A}.Release|x64.Build.0 = Release|x64
		{D658348F-E2F3-45F9-BEE9-D869CDD8926A}.Release|x86.ActiveCfg = Release|Win32
		{D658348F-E2F3-45F9-BEE9-D869CDD8926A}.Release|x86.Build.0 = Release|Win32
		{B254ACA8-F8EF-4DDD-9960-356378752260}.Debug|x64.ActiveCfg = Debug|x64
		{B254ACA8-F8EF-4DDD-9960-356378752260}.Debug|x64.Build.0 = Debug|x64
		{B254ACA8-F8EF-4DDD-9960-356378752260}.Debug|x86.ActiveCfg = Debug|Win32
		{B254ACA8-F8EF-4DDD-9960-356378752260}.Debug|x86.Build.0 = Debug|Win32
		{B254ACA8-F8EF-4DDD-9960-356378752260}.Release|x64.ActiveCfg = Release|x64
		{B254ACA8-F8EF-4DDD-9960-356378752260}.Release|x64.Build.0 = Release|x64
		{B254ACA8-F8EF-4DDD-9960-356378752260}.Release|x86.ActiveCfg = Release|Win32
		{B254ACA8-F8EF-4DDD-9960-356378752260}.Release|x86.Build.0 = Release|Win32
		{24D6B4AD-F401-4752-A14E-4A9541340C10}.Debug|x64.ActiveCfg = Debug|x64
		{24D6B4AD-F401-4752-A14E-4A9541340C10}.Debug|x64.Build.0 = Debug|x64
		{24D6B4AD-F401-4752-A14E-4A9541340C10}.Debug|x86.ActiveCfg = Debug|Win32
		{24D6B4AD-F401-4752-A14E-4A9541340C10}.Debug|x86.Build.0 = Debug|Win32
		{24D6B4AD-F401-4752-A14E-4A9541340C10}.Release|x64.ActiveCfg = Release|x64
		{24D6B4AD-F401-4752-A14E-4A9541340C10}.Release|x64.Build.0 = Release|x64
		{24D6B4AD-F401-4752-A14E-4A9541340C10}.Release|x86.ActiveCfg = Release|Win32
		{24D6B4AD-F401-4752-A14E-4A9541340C10}.Release|x86.Build.0 = Release|Win32
		{62081E79-53D7-4A43-8784-76FA1DE9BB86}.Debug|x64.ActiveCfg = Debug|x64
		{62081E79-53D7-4A43-8784-76FA1DE9BB86}.Debug|x64.Build.0 = Debug|x64
		{62081E79-53D7-4A43-8784-76FA1DE9BB86}.Debug|x86.ActiveCfg = Debug|Win32
		{62081E79-53D7-4A43-8784-76FA1DE9BB86}.Debug|x86.Build.0 = Debug|Win32
		{62081E79-53D7-4A43-8784-76FA1DE9BB86}.Release|x64.ActiveCfg = Release|x64
		{62081E79-53D7-4A43-8784-76FA1DE9BB86}.Release|x64.Build.0 = Release|x64
		{62081E79-53D7-4A43-8784-76FA1DE9BB86}.Release|x86.ActiveCfg = Release|Win32
		{62081E79-53D7-4A43-8784-76FA1DE9BB86}.Release|x86.Build.0 = Release|Win32
		{78B62BC5-388F-4BEB-A91E-C55B08F02084}.Debug|x64.ActiveCfg = Debug|x64
		{78B62BC5-388F-4BEB-A91E-C55B08F02084}.Debug|x64.Build.0 = Debug|x64
		{78B62BC5-388F-4BEB-A91E-C55B08F02084}.Debug|x86.ActiveCfg = Debug|Win32
		{78B62BC5-388F-4BEB-A91E-C55B08F02084}.Debug|x86.Build.0 = Debug|Win32
		{78B62BC5-388F-4BEB-A91E-C55B08F02084}.Release|x64.ActiveCfg = Release|x64
		{78B62BC5-388F-4BEB-A91E-C55B08F02084}.Release|x64.Build.0 = Release|x64
		{78B62BC5-388F-4BEB-A91E-C55B08F02084}.Release|x86.ActiveCfg = Release|Win32
		{78B62BC5-388F-4BEB-A91E-C55B08F02084}.Release|x86.Build.0 = Release|Win32
		{2B890212-9C22-4AB5-BF90-5749AF381FF4}.Debug|x64.ActiveCfg = Debug|x64
		{2B890212-9C22-4AB5-BF90-5749AF381FF4}.Debug|x64.Build.0 = Debug|x64
		{2B890212-9C22-4AB5-BF90-5749AF381FF4}.Debug|x86.ActiveCfg = Debug|Win32
		{2B890212-9C22-4AB5-BF90-5749AF381FF4}.Debug|x86.Build.0 = Debug|Win32
		{2B890212-9C22-4AB5-BF90-5749AF381FF4}.Release|x64.ActiveCfg = Release|x64
		{2B890212-9C22-4AB5-BF90-5749AF381FF4}.Release|x64.Build.0 = Release|x64
		{2B890212-9C22-4AB5-BF90-5749AF381FF4}.Release|x86.ActiveCfg = Release|Win32
		{2B890212-9C22-4AB5-BF90-5749AF381FF4}.Release|x86.Build.0 = Release|Win32
		{F9FD2B22-BC3A-409A-B89C-7E71DF836B43}.Debug|x64.ActiveCfg = Debug|x64
		{F9FD2B22-BC3A-409A-B89C-7E71DF836B43}.Debug|x64.Build.0 = Debug|x64
		{F9FD2B22-BC3A-409A-B89C-7E71DF836B43}.Debug|x86.ActiveCfg = Debug|Win32
		{F9FD2B22-BC3A-409A-B89C-7E71DF836B43}.Debug|x86.Build.0 = Debug|Win32
		{F9FD2B22-BC3A-409A-B89C-7E71DF836B43}.Release|x64.ActiveCfg = Release|x64
		{F9FD2B22-BC3A-409A-B89C-7E71DF836B43}.Release|x64.Build.0 = Release|x64
		{F9FD2B22-BC3A-409A-B89C-7E71DF836B43}.Release|x86.ActiveCfg = Release|Win32
		{F9FD2B22-BC3A-409A-B89C-7E71DF836B43}.Release|x86.Build.0 = Release|Win32
		{28140175-DB23-4411-8863-641AC23ECC4E}.Debug|x64.ActiveCfg = Debug|x64
		{28140175-DB23-4411-8863-641AC23ECC4E}.Debug|x64.Build.0 = Debug|x64
		{28140175-DB23-4411-8863-641AC23ECC4E}.Debug|x86.ActiveCfg = Debug|Win32
		{28140175-DB23-4411-8863-641AC23ECC4E}.Debug|x86.Build.0 = Debug|Win32
		{28140175-DB23-4411-8863-641AC23ECC4E}.Release|x64.ActiveCfg = Release|x64
		{28140175-DB23-4411-8863-641AC23ECC4E}.Release|x64.Build.0 = Release|x64
		{28140175-DB23-4411-8863-641AC23ECC4E}.Release|x86.ActiveCfg = Release|Win32
		{28140175-DB23-4411-8863-641AC23ECC4E}.Release|x86.Build.0 = Release|Win32
		{9DD0094C-630D-49B4-B68F-8A9A4F703504}.Debug|x64.ActiveCfg = Debug|x64
		{9DD0094C-630D-49B4-B68F-8A9A4F703504}.Debug|x64.Build.0 = Debug|x64
		{9DD0094C-630D-49B4-B68F-8A9A4F703504}.Debug|x86.ActiveCfg = Debug|Win32
		{9DD0094C-630D-49B4-B68F-8A9A4F703504}.Debug|x86.Build.0 = Debug|Win32
		{9DD0094C-630D-49B4-B68F-8A9A4F703504}.Release|x64.ActiveCfg = Release|x64
		{9DD0094C-630D-49B4-B68F-8A9A4F703504}.Release|x64.Build.0 = Release|x64
		{9DD0094C-630D-49B4-B68F-8A9A4F703504}.Release|x86.ActiveCfg = Release|Win32
		{9DD0094C-630D-49B4-B68F-8A9A4F703504}.Release|x86.Build.0 = Release|Win32
		{597F4459-6BE6-4D4E-B9CA-207F2E5C7360}.Debug|x64.ActiveCfg = Debug|x64
		{597F4459-6BE6-4D4E-B9CA-207F2E5C7360}.Debug|x64.Build.0 = Debug|x64
		{597F4459-6BE6-4D4E-B9CA-207F2E5C7360}.Debug|x86.ActiveCfg = Debug|Win32
		{597F4459-6BE6-4D4E-B9CA-207F2E5C7360}.Debug|x86.Build.0 = Debug|Win32
		{597F4459-6BE6-4D4E-B9CA-207F2E5C7360}.Release|x64.ActiveCfg = Release|x64
		{597F4459-6BE6-4D4E-B9CA-207F2E5C7360}.Release|x64.Build.0 = Release|x64
		{597F4459-6BE6-4D4E-B9CA-207F2E5C7360}.Release|x86.ActiveCfg = Release|Win32
		{597F4459-6BE6-4D4E-B9CA-207F2E5C7360}.Release|x86.Build.0 = Release|Win32
		{E2F5D7E4-D893-4BB9-9254-35F25D20F356}.Debug|x64.ActiveCfg = Debug|x64
		{E2F5D7E4-D893-4BB9-9254-35F25D20F356}.Debug|x64.Build.0 = Debug|x64
		{E2F5D7E4-D893-4BB9-9254-35F25D20F356}.Debug|x86.ActiveCfg = Debug|Win32
		{E2F5D7E4-D893-4BB9-9254-35F25D20F356}.Debug|x86.Build.0 = Debug|Win32
		{E2F5D7E4-D893-4BB9-9254-35F25D20F356}.Release|x64.ActiveCfg = Release|x64
		{E2F5D7E4-D893-4BB9-9254-35F25D20F356}.Release|x64.Build.0 = Release|x64
		{E2F5D7E4-D893-4BB9-9254-35F25D20F356}.Release|x86.ActiveCfg = Release|Win32
		{E2F5D7E4-D893-4BB9-9254-35F25D20F356}.Release|x86.Build.0 = Release|Win32
		{81747BFD-D4F0-4A50-A165-3738C3E19480}.Debug|x64.ActiveCfg = Debug|x64
		{81747BFD-D4F0-4A50-A165-3738C3E19480}.Debug|x64.Build.0 = Debug|x64
		{81747BFD-D4F0-4A50-A165-3738C3E19480}.Debug|x86.ActiveCfg = Debug|Win32
		{81747BFD-D4F0-4A50-A165-3738C3E19480}.Debug|x86.Build.0 = Debug|Win32
		{81747BFD-D4F0-4A50-A165-3738C3E19480}.Release|x64.ActiveCfg = Release|x64
		{81747BFD-D4F0-4A50-A165-3738C3E19480}.Release|x64.Build.0 = Release|x64
		{81747BFD-D4F0-4A50-A165-3738C3E19480}.Release|x86.ActiveCfg = Release|Win32
		{81747BFD-D4F0-4A50-A165-3738C3E19480}.Release|x86.Build.0 = Release|Win32
		{20E3A4BD-7909-4FD1-B679-34B4AABEF8DB}.Debug|x64.ActiveCfg = Debug|x64
		{20E3A4BD-7909-4FD1-B679-34B4AABEF8DB}.Debug|x64.Build.0 = Debug|x64
		{20E3A4BD-7909-4FD1-B679-34B4AABEF8DB}.Debug|x86.ActiveCfg = Debug|Win32
		{20E3A4BD-7909-4FD1-B679-34B4AABEF8DB}.Debug|x86.Build.0 = Debug|Win32
		{20E3A4BD-7909-4FD1-B679-34B4AABEF8DB}.Release|x64.ActiveCfg = Release|x64
		{20E3A4BD-7909-4FD1-B679-34B4AABEF8DB}.Release|x64.Build.0 = Release|x64
		{20E3A4BD-7909-4FD1-B679-34B4AABEF8DB}.Release|x86.ActiveCfg = Release|Win32
		{20E3A4BD-7909-4FD1-B679-34B4AABEF8DB}.Release|x86.Build.0 = Release|Win32
		{F7478BD2-5516-4B6C-B0B5-73D6B0D5108D}.Debug|x64.ActiveCfg = Debug|x64
		{F7478BD2-5516-4B6C-B0B5-73D6B0D5108D}.Debug|x64.Build.0 = Debug|x64
		{F7478BD2-5516-4B6C-B0B5-73D6B0D5108D}.Debug|x86.ActiveCfg = Debug|Win32
		{F7478BD2-5516-4B6C-B0B5-73D6B0D5108D}.Debug|x86.Build.0 = Debug|Win32
		{F7478BD2-5516-4B6C-B0B5-73D6B0D5108D}.Release|x64.ActiveCfg = Release|x64
		{F7478BD2-5516-4B6C-B0B5-73D6B0D5108D}.Release|x64.Build.0 = Release|x64
		{F7478BD2-5516-4B6C-B0B5-73D6B0D5108D}.Release|x86.ActiveCfg = Release|Win32
		{F7478BD2-5516-4B6C-B0B5-73D6B0D5108D}.Release|x86.Build.0 = Release|Win32
		{21CC7DED-5694-48B6-B3FD-28A8B6616CF8}.Debug|x64.ActiveCfg = Debug|x64
		{21CC7DED-5694-48B6-B3FD-28A8B6616CF8}.Debug|x64.Build.0 = Debug|x64
		{21CC7DED-5694-48B6-B3FD-28A8B6616CF8}.Debug|x86.ActiveCfg = Debug|Win32
		{21CC7DED-5694-48B6-B3FD-28A8B6616CF8}.Debug|x86.Build.0 = Debug|Win32
		{21CC7DED-5694-48B6-B3FD-28A8B6616CF8}.Release|x64.ActiveCfg = Release|x64
		{21CC7DED-5694-48B6-B3FD-28A8B6616CF8}.Release|x64.Build.0 = Release|x64
		{21CC7DED-5694-48B6-B3FD-28A8B6616CF8}.Release|x86.ActiveCfg = Release|Win32
		{21CC7DED-5694-48B6-B3FD-28A8B6616CF8}.Release|x86.Build.0 = Release|Win32
		{F175BA15-DA74-40FA-9821-7FB20C5B8BDC}.Debug|x64.ActiveCfg = Debug|x64
		{F175BA15-DA74-40FA-9821-7FB20C5B8BDC}.Debug|x64.Build.0 = Debug|x64
		{F175BA15-DA74-40FA-9821-7FB20C5B8BDC}.Debug|x86.ActiveCfg = Debug|Win32
		{F175BA15-DA74-40FA-9821-7FB20C5B8BDC}.Debug|x86.Build.0 = Debug|Win32
		{F175BA15-DA74-40FA-9821-7FB20C5B8BDC}.Release|x64.ActiveCfg = Release|x64
		{F175BA15-DA74-40FA-9821-7FB20C5B8BDC}.Release|x64.Build.0 = Release|x64
		{F175BA15-DA74-40FA-9821-7FB20C5B8BDC}.Release|x86.ActiveCfg = Release|Win32
		{F175BA15-DA74-40FA-9821-7FB20C5B8BDC}.Release|x86.Build.0 = Release|Win32
		{C3E1F222-16F4-461E-A2EF-C4BA785C6356}.Debug|x64.ActiveCfg = Debug|x64
		{C3E1F222-16F4-461E-A2EF-C4BA785C6356}.Debug|x64.Build.0 = Debug|x64
		{C3E1F222-16F4-461E-A2EF-C4BA785C6356}.Debug|x86.ActiveCfg = Debug|Win32
		{C3E1F222-16F4-461E-A2EF-C4BA785C6356}.Debug|x86.Build.0 = Debug|Win32
		{C3E1F222-16F4-461E-A2EF-C4BA785C6356}.Release|x64.ActiveCfg = Release|x64
		{C3E1F222-16F4-461E-A2EF-C4BA785C6356}.Release|x64.Build.0 = Release|x64
		{C3E1F222-16F4-461E-A2EF-C4BA785C6356}.Release|x86.ActiveCfg = Release|Win32
		{C3E1F222-16F4-461E-A2EF-C4BA785C6356}.Release|x86.Build.0 = Release|Win32
		{CAAFD729-2B23-4B36-80CE-ED60A15A847C}.Debug|x64.ActiveCfg = Debug|x64
		{CAAFD729-2B23-4B36-80CE-ED60A15A847C}.Debug|x64.Build.0 = Debug|x64
		{CAAFD729-2B23-4B36-80CE-ED60A15A847C}.Debug|x86.ActiveCfg = Debug|Win32
		{CAAFD729-2B23-4B36-80CE-ED60A15A847C}.Debug|x86.Build.0 = Debug|Win32
		{CAAFD729-2B23-4B36-80CE-ED60A15A847C}.Release|x64.ActiveCfg = Release|x64
		{CAAFD729-2B23-4B36-80CE-ED60A15A847C}.Release|x64.Build.0 = Release|x64
		{CAAFD729-2B23-4B36-80CE-ED60A15A847C}.Release|x86.ActiveCfg = Release|Win32
		{CAAFD729-2B23-4B36-80CE-ED60A15A847C}.Release|x86.Build.0 = Release|Win32
		{5C2F10C0-2409-4E0E-A35D-2DBB8C153E1C}.Debug|x64.ActiveCfg = Debug|x64
		{5C2F10C0-2409-4E0E-A35D-2DBB8C153E1C}.Debug|x64.Build.0 = Debug|x64
		{5C2F10C0-2409-4E0E-A35D-2DBB8C153E1C}.Debug|x86.ActiveCfg = Debug|Win32
		{5C2F10C0-2409-4E0E-A35D-2DBB8C153E1C}.Debug|x86.Build.0 = Debug|Win32
		{5C2F10C0-2409-4E0E-A35D-2DBB8C153E1C}.Release|x64.ActiveCfg = Release|x64
		{5C2F10C0-2409-4E0E-A35D-2DBB8C153E1C}.Release|x64.Build.0 = Release|x64
		{5C2F10C0-2409-4E0E-A35D-2DBB8C153E1C}.Release|x86.ActiveCfg = Release|Win32
		{5C2F10C0-2409-4E0E-A35D-2DBB8C153E1C}.Release|x86.Build.0 = Release|Win32
		{CD08B53E-9203-4D22-96B6-47FE44D978EA}.Debug|x64.ActiveCfg = Debug|x64
		{CD08B53E-9203-4D22-96B6-47FE44D978EA}.Debug|x64.Build.0 = Debug|x64
		{CD08B53E-9203-4D22-96B6-47FE44D978EA}.Debug|x86.ActiveCfg = Debug|Win32
		{CD08B53E-9203-4D22-96B6-47FE44D978EA}.Debug|x86.Build.0 = Debug|Win32
		{CD08B53E-9203-4D22-96B6-47FE44D978EA}.Release|x64.ActiveCfg = Release|x64
		{CD08B53E-9203-4D22-96B6-47FE44D978EA}.Release|x64.Build.0 = Release|x64
		{CD08B53E-9203-4D22-96B6-47FE44D978EA}.Release|x86.ActiveCfg = Release|Win32
		{CD08B53E-9203-4D22-96B6-47FE44D978EA}.Release|x86.Build.0 = Release|Win32
		{3B15CE5B-D6B4-4BE8-9478-4D9C190B0BD2}.Debug|x64.ActiveCfg = Debug|x64
		{3B15CE5B-D6B4-4BE8-9478-4D9C190B0BD2}.Debug|x64.Build.0 = Debug|x64
		{3B15CE5B-D6B4-4BE8-9478-4D9C190B0BD2}.Debug|x86.ActiveCfg = Debug|Win32
		{3B15CE5B-D6B4-4BE8-9478-4D9C190B0BD2}.Debug|x86.Build.0 = Debug|Win32
		{3B15CE5B-D6B4-4BE8-9478-4D9C190B0BD2}.Release|x64.ActiveCfg = Release|x64
		{3B15CE5B-D6B4-4BE8-9478-4D9C190B0BD2}.Release|x64.Build.0 = Release|x64
		{3B15CE5B-D6B4-4BE8-9478-4D9C190B0BD2}.Release|x86.ActiveCfg = Release|Win32
		{3B15CE5B-D6B4-4BE8-9478-4D9C190B0BD2}.Release|x86.Build.0 = Release|Win32
		{4FAABFE7-979D-4A64-8438-B47B4C2460AC}.Debug|x64.ActiveCfg = Debug|x64
		{4FAABFE7-979D-4A64-8438-B47B4C2460AC}.Debug|x64.Build.0 = Debug|x64
		{4FAABFE7-979D-4A64-8438-B47B4C2460AC}.Debug|x86.ActiveCfg = Debug|Win32
		{4FAABFE7-979D-4A64-8438-B47B4C2460AC}.Debug|x86.Build.0 = Debug|Win32
		{4FAABFE7-979D-4A64-8438-B47B4C2460AC}.Release|x64.ActiveCfg = Release|x64
		{4FAABFE7-979D-4A64-8438-B47B4C2460AC}.Release|x64.Build.0 = Release|x64
		{4FAABFE7-979D-4A64-8438-B47B4C2460AC}.Release|x86.ActiveCfg = Release|Win32
		{4FAABFE7-979D-4A64-8438-B47B4C2460AC}.Release|x86.Build.0 = Release|Win32
		{1FE20E12-EB5F-4B6E-9494-1C719638C9F4}.Debug|x64.ActiveCfg = Debug|x64
		{1FE20E12-EB5F-4B6E-9494-1C719638C9F4}.Debug|x64.Build.0 = Debug|x64
		{1FE20E12-EB5F-4B6E-9494-1C719638C9F4}.Debug|x86.ActiveCfg = Debug|Win32
		{1FE20E12-EB5F-4B6E-9494-1C719638C9F4}.Debug|x86.Build.0 = Debug|Win32
		{1FE20E12-EB5F-4B6E-9494-1C719638C9F4}.Release|x64.ActiveCfg = Release|x64
		{1FE20E12-EB5F-4B6E-9494-1C719638C9F4}.Release|x64.Build.0 = Release|x64
		{1FE20E12-EB5F-4B6E-9494-1C719638C9F4}.Release|x86.ActiveCfg = Release|Win32
		{1FE20E12-EB5F-4B6E-9494-1C719638C9F4}.Release|x86.Build.0 = Release|Win32
		{5E8390DB-1011-4AD3-A8C1-A036949FE646}.Debug|x64.ActiveCfg = Debug|x64
		{5E8390DB-1011-4AD3-A8C1-A036949FE646}.Debug|x64.Build.0 = Debug|x64
		{5E8390DB-1011-4AD3-A8C1-A036949FE646}.Debug|x86.ActiveCfg = Debug|Win32
		{5E8390DB-1011-4AD3-A8C1-A036949FE646}.Debug|x86.Build.0 = Debug|Win32
		{5E8390DB-1011-4AD3-A8C1-A036949FE646}.Release|x64.ActiveCfg = Release|x64
		{5E8390DB-1011-4AD3-A8C1-A036949FE646}.Release|x64.Build.0 = Release|x64
		{5E8390DB-1011-4AD3-A8C1-A036949FE646}.Release|x86.ActiveCfg = Release|Win32
		{5E8390DB-1011-4AD3-A8C1-A036949FE646}.Release|x86.Build.0 = Release|Win32
		{67172C84-C0D1-4B70-BDA7-1D5A7CA8F4FD}.Debug|x64.ActiveCfg = Debug|x64
		{67172C84-C0D1-4B70-BDA7-1D5A7CA8F4FD}.Debug|x64.Build.0 = Debug|x64
		{67172C84-C0D1-4B70-BDA7-1D5A7CA8F4FD}.Debug|x86.ActiveCfg = Debug|Win32
		{67172C84-C0D1-4B70-BDA7-1D5A7CA8F4FD}.Debug|x86.Build.0 = Debug|Win32
		{67172C84-C0D1-4B70-BDA7-1D5A7CA8F4FD}.Release|x64.ActiveCfg = Release|x64
		{67172C84-C0D1-4B70-BDA7-1D5A7CA8F4FD}.Release|x64.Build.0 = Release|x64
		{67172C84-C0D1-4B70-BDA7-1D5A7CA8F4FD}.Release|x86.ActiveCfg = Release|Win32
		{67172C84-C0D1-4B70-BDA7-1D5A7CA8F4FD}.Release|x86.Build.0 = Release|Win32
		{3510611F-BC17-44C5-8E26-85F5581DC595}.Debug|x64.ActiveCfg = Debug|x64
		{3510611F-BC17-44C5-8E26-85F5581DC595}.Debug|x64.Build.0 = Debug|x64
		{3510611F-BC17-44C5-8E26-85F5581DC595}.Debug|x86.ActiveCfg = Debug|Win32
		{3510611F-BC17-44C5-8E26-85F5581DC595}.Debug|x86.Build.0 = Debug|Win32
		{3510611F-BC17-44C5-8E26-85F5581DC595}.Release|x64.ActiveCfg = Release|x64
		{3510611F-BC17-44C5-8E26-85F5581DC595}.Release|x64.Build.0 = Release|x64
		{3510611F-BC17-44C5-8E26-85F5581DC595}.Release|x86.ActiveCfg = Release|Win32
		{3510611F-BC17-44C5-8E26-85F5581DC595}.Release|x86.Build.0 = Release|Win32
		{C3C5094A-F478-45BD-8B42-DF61BF7C21AA}.Debug|x64.ActiveCfg = Debug|x64
		{C3C5094A-F478-45BD-8B42-DF61BF7C21AA}.Debug|x64.Build.0 = Debug|x64
		{C3C5094A-F478-45BD-8B42-DF61BF7C21AA}.Debug|x86.ActiveCfg = Debug|Win32
		{C3C5094A-F478-45BD-8B42-DF61BF7C21AA}.Debug|x86.Build.0 = Debug|Win32
		{C3C5094A-F478-45BD-8B42-DF61BF7C21AA}.Release|x64.ActiveCfg = Release|x64
		{C3C5094A-F478-45BD-8B42-DF61BF7C21AA}.Release|x64.Build.0 = Release|x64
		{C3C5094A-F478-45BD-8B42-DF61BF7C21AA}.Release|x86.ActiveCfg = Release|Win32
		{C3C5094A-F478-45BD-8B42-DF61BF7C21AA}.Release|x86.Build.0 = Release|Win32
		{0ED137B2-8651-4E3D-83D8-8E19D5878768}.Debug|x64.ActiveCfg = Debug|x64
		{0ED137B2-8651-4E3D-83D8-8E19D5878768}.Debug|x64.Build.0 = Debug|x64
		{0ED137B2-8651-4E3D-83D8-8E19D5878768}.Debug|x86.ActiveCfg = Debug|Win32
		{0ED137B2-8651-4E3D-83D8-8E19D5878768}.Debug|x86.Build.0 = Debug|Win32
		{0ED137B2-8651-4E3D-83D8-8E19D5878768}.Release|x64.ActiveCfg = Release|x64
		{0ED137B2-8651-4E3D-83D8-8E19D5878768}.Release|x64.Build.0 = Release|x64
		{0ED137B2-8651-4E3D-83D8-8E19D5878768}.Release|x86.ActiveCfg = Release|Win32
		{0ED137B2-8651-4E3D-83D8-8E19D5878768}.Release|x86.Build.0 = Release|Win32
		{BC14C07C-16BA-4CEC-A8C7-C5FB996F19DA}.Debug|x64.ActiveCfg = Debug|x64
		{BC14C07C-16BA-4CEC-A8C7-C5FB996F19DA}.Debug|x64.Build.0 = Debug|x64
		{BC14C07C-16BA-4CEC-A8C7-C5FB996F19DA}.Debug|x86.ActiveCfg = Debug|Win32
		{BC14C07C-16BA-4CEC-A8C7-C5FB996F19DA}.Debug|x86.Build.0 = Debug|Win32
		{BC14C07C-16BA-4CEC-A8C7-C5FB996F19DA}.Release|x64.ActiveCfg = Release|x64
		{BC14C07C-16BA-4CEC-A8C7-C5FB996F19DA}.Release|x64.Build.0 = Release|x64
		{BC14C07C-16BA-4CEC-A8C7-C5FB996F19DA}.Release|x86.ActiveCfg = Release|Win32
		{BC14C07C-16BA-4CEC-A8C7-C5FB996F19DA}.Release|x86.Build.0 = Release|Win32
		{B8EB422F-D944-4806-8E4C-8D2458A98197}.Debug|x64.ActiveCfg = Debug|x64
		{B8EB422F-D944-4806-8E4C-8D2458A98197}.Debug|x64.Build.0 = Debug|x64
		{B8EB422F-D944-4806-8E4C-8D2458A98197}.Debug|x86.ActiveCfg = Debug|Win32
		{B8EB422F-D944-4806-8E4C-8D2458A98197}.Debug|x86.Build.0 = Debug|Win32
		{B8EB422F-D944-4806-8E4C-8D2458A98197}.Release|x64.ActiveCfg = Release|x64
		{B8EB422F-D944-4806-8E4C-8D2458A98197}.Release|x64.Build.0 = Release|x64
		{B8EB422F-D944-4806-8E4C-8D2458A98197}.Release|x86.ActiveCfg = Release|Win32
		{B8EB422F-D944-4806-8E4C-8D2458A98197}.Release|x86.Build.0 = Release|Win32
		{5C83D856-0BC9-4286-8957-F3F63B1AE707}.Debug|x64.ActiveCfg = Debug|x64
		{5C83D856-0BC9-4286-8957-F3F63B1AE707}.Debug|x64.Build.0 = Debug|x64
		{5C83D856-0BC9-4286-8957-F3F63B1AE707}.Debug|x86.ActiveCfg = Debug|Win32
		{5C83D856-0BC9-4286-8957-F3F63B1AE707}.Debug|x86.Build.0 = Debug|Win32
		{5C83D856-0BC9-4286-8957-F3F63B1AE707}.Release|x64.ActiveCfg = Release|x64
		{5C83D856-0BC9-4286-8957-F3F63B1AE707}.Release|x64.Build.0 = Release|x64
		{5C83D856-0BC9-4286-8957-F3F63B1AE707}.Release|x86.ActiveCfg = Release|Win32
		{5C83D856-0BC9-4286-8957-F3F63B1AE707}.Release|x86.Build.0 = Release|Win32
		{83459F5E-1147-4F75-B2A0-7B626B3A9296}.Debug|x64.ActiveCfg = Debug|x64
		{83459F5E-1147-4F75-B2A0-7B626B3A9296}.Debug|x64.Build.0 = Debug|x64
		{83459F5E-1147-4F75-B2A0-7B626B3A9296}.Debug|x86.ActiveCfg = Debug|Win32
		{83459F5E-1147-4F75-B2A0-7B626B3A9296}.Debug|x86.Build.0 = Debug|Win32
		{83459F5E-1147-4F75-B2A0-7B626B3A9296}.Release|x64.ActiveCfg = Release|x64
		{83459F5E-1147-4F75-B2A0-7B626B3A9296}.Release|x64.Build.0 = Release|x64
		{83459F5E-1147-4F75-B2A0-7B626B3A9296}.Release|x86.ActiveCfg = Release|Win32
		{83459F5E-1147-4F75-B2A0-7B626B3A9296}.Release|x86.Build.0 = Release|Win32
		{E833939E-76C4-4F82-B3B2-8D01B09470CC}.Debug|x64.ActiveCfg = Debug|x64
		{E833939E-76C4-4F82-B3B2-8D01B09470CC}.Debug|x64.Build.0 = Debug|x64
		{E833939E-76C4-4F82-B3B2-8D01B09470CC}.Debug|x86.ActiveCfg = Debug|Win32
		{E833939E-76C4-4F82-B3B2-8D01B09470CC}.Debug|x86.Build.0 = Debug|Win32
		{E833939E-76C4-4F82-B3B2-8D01B09470CC}.Release|x64.ActiveCfg = Release|x64
		{E833939E-76C4-4F82-B3B2-8D01B09470CC}.Release|x64.Build.0 = Release|x64
		{E833939E-76C4-4F82-B3B2-8D01B09470CC}.Release|x86.ActiveCfg = Release|Win32
		{E833939E-76C4-4F82-B3B2-8D01B09470CC}.Release|x86.Build.0 = Release|Win32
		{89BE775C-2910-4D9C-B341-DCED79BAFC78}.Debug|x64.ActiveCfg = Debug|x64
		{89BE775C-2910-4D9C-B341-DCED79BAFC78}.Debug|x64.Build.0 = Debug|x64
		{89BE775C-2910-4D9C-B341-DCED79BAFC78}.Debug|x86.ActiveCfg = Debug|Win32
		{89BE775C-2910-4D9C-B341-DCED79BAFC78}.Debug|x86.Build.0 = Debug|Win32
		{89BE775C-2910-4D9C-B341-DCED79BAFC78}.Release|x64.ActiveCfg = Release|x64
		{89BE775C-2910-4D9C-B341-DCED79BAFC78}.Release|x64.Build.0 = Release|x64
		{89BE775C-2910-4D9C-B341-DCED79BAFC78}.Release|x86.ActiveCfg = Release|Win32
		{89BE775C-2910-4D9C-B341-DCED79BAFC78}.Release|x86.Build.0 = Release|Win32
		{39B46CBA-36FE-4CC1-8C02-FAF7B1AC0160}.Debug|x64.ActiveCfg = Debug|x64
		{39B46CBA-36FE-4CC1-8C02-FAF7B1AC0160}.Debug|x64.Build.0 = Debug|x64
		{39B46CBA-36FE-4CC1-8C02-FAF7B1AC0160}.Debug|x86.ActiveCfg = Debug|Win32
		{39B46CBA-36FE-4CC1-8C02-FAF7B1AC0160}.Debug|x86.Build.0 = Debug|Win32
		{39B46CBA-36FE-4CC1-8C02-FAF7B1AC0160}.Release|x64.ActiveCfg = Release|x64
		{39B46CBA-36FE-4CC1-8C02-FAF7B1AC0160}.Release|x64.Build.0 = Release|x64
		{39B46CBA-36FE-4CC1-8C02-FAF7B1AC0160}.Release|x86.ActiveCfg = Release|Win32
		{39B46CBA-36FE-4CC1-8C02-FAF7B1AC0160}.Release|x86.Build.0 = Release|Win32
		{805638E0-BABA-4EA4-A016-A7C400B27001}.Debug|x64.ActiveCfg = Debug|x64
		{805638E0-BABA-4EA4-A016-A7C400B27001}.Debug|x64.Build.0 = Debug|x64
		{805638E0-BABA-4EA4-A016-A7C400B27001}.Debug|x86.ActiveCfg = Debug|Win32
		{805638E0-BABA-4EA4-A016-A7C400B27001}.Debug|x86.Build.0 = Debug|Win32
		{805638E0-BABA-4EA4-A016-A7C400B27001}.Release|x64.ActiveCfg = Release|x64
		{805638E0-BABA-4EA4-A016-A7C400B27001}.Release|x64.Build.0 = Release|x64
		{805638E0-BABA-4EA4-A016-A7C400B27001}.Release|x86.ActiveCfg = Release|Win32
		{805638E0-BABA-4EA4-A016-A7C400B27001}.Release|x86.Build.0 = Release|Win32
		{A3A62D60-E74B-4596-8FDC-B12B9F69FE8A}.Debug|x64.ActiveCfg = Debug|x64
		{A3A62D60-E74B-4596-8FDC-B12B9F69FE8A}.Debug|x64.Build.0 = Debug|x64
		{A3A62D60-E74B-4596-8FDC-B12B9F69FE8A}.Debug|x86.ActiveCfg = Debug|Win32
		{A3A62D60-E74B-4596-8FDC-B12B9F69FE8A}.Debug|x86.Build.0 = Debug|Win32
		{A3A62D60-E74B-4596-8FDC-B12B9F69FE8A}.Release|x64.ActiveCfg = Release|x64
		{A3A62D60-E74B-4596-8FDC-B12B9F69FE8A}.Release|x64.Build.0 = Release|x64
		{A3A62D60-E74B-4596-8FDC-B12B9F69FE8A}.Release|x86.ActiveCfg = Release|Win32
		{A3A62D60-E74B-4596-8FDC-B12B9F69FE8A}.Release|x86.Build.0 = Release|Win32
		{142A15D1-1B47-4B7C-8F38-7DAAEABE4FB4}.Debug|x64.ActiveCfg = Debug|x64
		{142A15D1-1B47-4B7C-8F38-7DAAEABE4FB4}.Debug|x64.Build.0 = Debug|x64
		{142A15D1-1B47-4B7C-8F38-7DAAEABE4FB4}.Debug|x86.ActiveCfg = Debug|Win32
		{142A15D1-1B47-4B7C-8F38-7DAAEABE4FB4}.Debug|x86.Build.0 = Debug|Win32
		{142A15D1-1B47-4B7C-8F38-7DAAEABE4FB4}.Release|x64.ActiveCfg = Release|x64
		{142A15D1-1B47-4B7C-8F38-7DAAEABE4FB4}.Release|x64.Build.0 = Release|x64
		{142A15D1-1B47-4B7C-8F38-7DAAEABE4FB4}.Release|x86.ActiveCfg = Release|Win32
		{142A15D1-1B47-4B7C-8F38-7DAAEABE4FB4}.Release|x86.Build.0 = Release|Win32
		{81EB231E-2919-47FC-A8CE-4F27B408872F}.Debug|x64.ActiveCfg = Debug|x64
		{81EB231E-2919-47FC-A8CE-4F27B408872F}.Debug|x64.Build.0 = Debug|x64
		{81EB231E-2919-47FC-A8CE-4F27B408872F}.Debug|x86.ActiveCfg = Debug|Win32
		{81EB231E-2919-47FC-A8CE-4F27B408872F}.Debug|x86.Build.0 = Debug|Win32
		{81EB231E-2919-47FC-A8CE-4F27B408872F}.Release|x64.ActiveCfg = Release|x64
		{81EB231E-2919-47FC-A8CE-4F27B408872F}.Release|x64.Build.0 = Release|x64
		{81EB231E-2919-47FC-A8CE-4F27B408872F}.Release|x86.ActiveCfg = Release|Win32
		{81EB231E-2919-47FC-A8CE-4F27B408872F}.Release|x86.Build.0 = Release|Win32
		{BE9E121A-8735-425B-80EF-A5ACE8F48BF2}.Debug|x64.ActiveCfg = Debug|x64
		{BE9E121A-8735-425B-80EF-A5ACE8F48BF2}.Debug|x64.Build.0 = Debug|x64
		{BE9E121A-8735-425B-80EF-A5ACE8F48BF2}.Debug|x86.ActiveCfg = Debug|Win32
		{BE9E121A-8735-425B-80EF-A5ACE8F48BF2}.Debug|x86.Build.0 = Debug|Win32
		{BE9E121A-8735-425B-80EF-A5ACE8F48BF2}.Release|x64.ActiveCfg = Release|x64
		{BE9E121A-8735-425B-80EF-A5ACE8F48BF2}.Release|x64.Build.0 = Release|x64
		{BE9E121A-8735-425B-80EF-A5ACE8F48BF2}.Release|x86.ActiveCfg = Release|Win32
		{BE9E121A-8735-425B-80EF-A5ACE8F48BF2}.Release|x86.Build.0 = Release|Win32
		{D6584904-4B01-4E85-A326-8DE21E8C4687}.Debug|x64.ActiveCfg = Debug|x64
		{D6584904-4B01-4E85-A326-8DE21E8C4687}.Debug|x64.Build.0 = Debug|x64
		{D6584904-4B01-4E85-A326-8DE21E8C4687}.Debug|x86.ActiveCfg = Debug|Win32
		{D6584904-4B01-4E85-A326-8DE21E8C4687}.Debug|x86.Build.0 = Debug|Win32
		{D6584904-4B01-4E85-A326-8DE21E8C4687}.Release|x64.ActiveCfg = Release|x64
		{D6584904-4B01-4E85-A326-8DE21E8C4687}.Release|x64.Build.0 = Release|x64
		{D6584904-4B01-4E85-A326-8DE21E8C4687}.Release|x86.ActiveCfg = Release|Win32
		{D6584904-4B01-4E85-A326-8DE21E8C4687}.Release|x86.Build.0 = Release|Win32
		{D703EBF0-08E9-47A8-90CC-68488E699F51}.Debug|x64.ActiveCfg = Debug|x64
		{D703EBF0-08E9-47A8-90CC-68488E699F51}.Debug|x64.Build.0 = Debug|x64
		{D703EBF0-08E9-47A8-90CC-68488E699F51}.Debug|x86.ActiveCfg = Debug|Win32
		{D703EBF0-08E9-47A8-90CC-68488E699F51}.Debug|x86.Build.0 = Debug|Win32
		{D703EBF0-08E9-47A8-90CC-68488E699F51}.Release|x64.ActiveCfg = Release|x64
		{D703EBF0-08E9-47A8-90CC-68488E699F51}.Release|x64.Build.0 = Release|x64
		{D703EBF0-08E9-47A8-90CC-68488E699F51}.Release|x86.ActiveCfg = Release|Win32
		{D703EBF0-08E9-47A8-90CC-68488E699F51}.Release|x86.Build.0 = Release|Win32
		{49A18AB2-9EC9-46B2-8493-C6E04A5B416D}.Debug|x64.ActiveCfg = Debug|x64
		{49A18AB2-9EC9-46B2-8493-C6E04A5B416D}.Debug|x64.Build.0 = Debug|x64
		{49A18AB2-9EC9-46B2-8493-C6E04A5B416D}.Debug|x86.ActiveCfg = Debug|Win32
		{49A18AB2-9EC9-46B2-8493-C6E04A5B416D}.Debug|x86.Build.0 = Debug|Win32
		{49A18AB2-9EC9-46B2-8493-C6E04A5B416D}.Release|x64.ActiveCfg = Release|x64
		{49A18AB2-9EC9-46B2-8493-C6E04A5B416D}.Release|x64.Build.0 = Release|x64
		{49A18AB2-9EC9-46B2-8493-C6E04A5B416D}.Release|x86.ActiveCfg = Release|Win32
		{49A18AB2-9EC9-46B2-8493-C6E04A5B416D}.Release|x86.Build.0 = Release|Win32
		{F516872A-B650-4A00-B988-7BD293DC316E}.Debug|x64.ActiveCfg = Debug|x64
		{F516872A-B650-4A00-B988-7BD293DC316E}.Debug|x64.Build.0 = Debug|x64
		{F516872A-B650-4A00-B988-7BD293DC316E}.Debug|x86.ActiveCfg = Debug|Win32
		{F516872A-B650-4A00-B988-7BD293DC316E}.Debug|x86.Build.0 = Debug|Win32
		{F516872A-B650-4A00-B988-7BD293DC316E}.Release|x64.ActiveCfg = Release|x64
		{F516872A-B650-4A00-B988-7BD293DC316E}.Release|x64.Build.0 = Release|x64
		{F516872A-B650-4A00-B988-7BD293DC316E}.Release|x86.ActiveCfg = Release|Win32
		{F516872A-B650-4A00-B988-7BD293DC316E}.Release|x86.Build.0 = Release|Win32
		{DD403DC9-2472-4157-B840-2F133F553EE6}.Debug|x64.ActiveCfg = Debug|x64
		{DD403DC9-2472-4157-B840-2F133F553EE6}.Debug|x64.Build.0 = Debug|x64
		{DD403DC9-2472-4157-B840-2F133F553EE6}.Debug|x86.ActiveCfg = Debug|Win32
		{DD403DC9-2472-4157-B840-2F133F553EE6}.Debug|x86.Build.0 = Debug|Win32
		{DD403DC9-2472-4157-B840-2F133F553EE6}.Release|x64.ActiveCfg = Release|x64
		{DD403DC9-2472-4157-B840-2F133F553EE6}.Release|x64.Build.0 = Release|x64
		{DD403DC9-2472-4157-B840-2F133F553EE6}.Release|x86.ActiveCfg = Release|Win32
		{DD403DC9-2472-4157-B840-2F133F553EE6}.Release|x86.Build.0 = Release|Win32
		{E17E02BD-5B1D-4671-8428-581CDAD2126A}.Debug|x64.ActiveCfg = Debug|x64
		{E17E02BD-5B1D-4671-8428-581CDAD2126A}.Debug|x64.Build.0 = Debug|x64
		{E17E02BD-5B1D-4671-8428-581CDAD2126A}.Debug|x86.ActiveCfg = Debug|Win32
		{E17E02BD-5B1D-4671-8428-581CDAD2126A}.Debug|x86.Build.0 = Debug|Win32
		{E17E02BD-5B1D-4671-8428-581CDAD2126A}.Release|x64.ActiveCfg = Release|x64
		{E17E02BD-5B1D-4671-8428-581CDAD2126A}.Release|x64.Build.0 = Release|x64
		{E17E02BD-5B1D-4671-8428-581CDAD2126A}.Release|x86.ActiveCfg = Release|Win32
		{E17E02BD-5B1D-4671-8428-581CDAD2126A}.Release|x86.Build.0 = Release|Win32
		{7501A682-CD27-4236-85B9-480584DA748C}.Debug|x64.ActiveCfg = Debug|x64
		{7501A682-CD27-4236-85B9-480584DA748C}.Debug|x64.Build.0 = Debug|x64
		{7501A682-CD27-4236-85B9-480584DA748C}.Debug|x86.ActiveCfg = Debug|Win32
		{7501A682-CD27-4236-85B9-480584DA748C}.Debug|x86.Build.0 = Debug|Win32
		{7501A682-CD27-4236-85B9-480584DA748C}.Release|x64.ActiveCfg = Release|x64
		{7501A682-CD27-4236-85B9-480584DA748C}.Release|x64.Build.0 = Release|x64
		{7501A682-CD27-4236-85B9-480584DA748C}.Release|x86.ActiveCfg = Release|Win32
		{7501A682-CD27-4236-85B9-480584DA748C}.Release|x86.Build.0 = Release|Win32
		{0305F86F-8663-4FF5-A6DC-38C044360B56}.Debug|x64.ActiveCfg = Debug|x64
		{0305F86F-8663-4FF5-A6DC-38C044360B56}.Debug|x64.Build.0 = Debug|x64
		{0305F86F-8663-4FF5-A6DC-38C044360B56}.Debug|x86.ActiveCfg = Debug|Win32
		{0305F86F-8663-4FF5-A6DC-38C044360B56}.Debug|x86.Build.0 = Debug|Win32
		{0305F86F-8663-4FF5-A6DC-38C044360B56}.Release|x64.ActiveCfg = Release|x64
		{0305F86F-8663-4FF5-A6DC-38C044360B56}.Release|x64.Build.0 = Release|x64
		{0305F86F-8663-4FF5-A6DC-38C044360B56}.Release|x86.ActiveCfg = Release|Win32
		{0305F86F-8663-4FF5-A6DC-38C044360B56}.Release|x86.Build.0 = Release|Win32
		{27341733-9C75-499C-A950-4539543498D3}.Debug|x64.ActiveCfg = Debug|x64
		{27341733-9C75-499C-A950-4539543498D3}.Debug|x64.Build.0 = Debug|x64
		{27341733-9C75-499C-A950-4539543498D3}.Debug|x86.ActiveCfg = Debug|Win32
		{27341733-9C75-499C-A950-4539543498D3}.Debug|x86.Build.0 = Debug|Win32
		{27341733-9C75-499C-A950-4539543498D3}.Release|x64.ActiveCfg = Release|x64
		{27341733-9C75-499C-A950-4539543498D3}.Release|x64.Build.0 = Release|x64
		{27341733-9C75-499C-A950-4539543498D3}.Release|x86.ActiveCfg = Release|Win32
		{27341733-9C75-499C-A950-4539543498D3}.Release|x86.Build.0 = Release|Win32
		{98ADFC09-3C56-4C5A-AD5E-27973A2A2BC3}.Debug|x64.ActiveCfg = Debug|x64
		{98ADFC09-3C56-4C5A-AD5E-27973A2A2BC3}.Debug|x64.Build.0 = Debug|x64
		{98ADFC09-3C56-4C5A-AD5E-27973A2A2BC3}.Debug|x86.ActiveCfg = Debug|Win32
		{98ADFC09-3C56-4C5A-AD5E-27973A2A2BC3}.Debug|x86.Build.0 = Debug|Win32
		{98ADFC09-3C56-4C5A-AD5E-27973A2A2BC3}.Release|x64.ActiveCfg = Release|x64
		{98ADFC09-3C56-4C5A-AD5E-27973A2A2BC3}.Release|x64.Build.0 = Release|x64
		{98ADFC09-3C56-4C5A-AD5E-27973A2A2BC3}.Release|x86.ActiveCfg = Release|Win32
		{98ADFC09-3C56-4C5A-AD5E-27973A2A2BC3}.Release|x86.Build.0 = Release|Win32
		{AEE6D45C-81F5-4D1F-8AF2-3B7000CACFE6}.Debug|x64.ActiveCfg = Debug|x64
		{AEE6D45C-81F5-4D1F-8AF2-3B7000CACFE6}.Debug|x64.Build.0 = Debug|x64
		{AEE6D45C-81F5-4D1F-8AF2-3B7000CACFE6}.Debug|x86.ActiveCfg = Debug|Win32
		{AEE6D45C-81F5-4D1F-8AF2-3B7000CACFE6}.Debug|x86.Build.0 = Debug|Win32
		{AEE6D45C-81F5-4D1F-8AF2-3B7000CACFE6}.Release|x64.ActiveCfg = Release|x64
		{AEE6D45C-81F5-4D1F-8AF2-3B7000CACFE6}.Release|x64.Build.0 = Release|x64
		{AEE6D45C-81F5-4D1F-8AF2-3B7000CACFE6}.Release|x86.ActiveCfg = Release|Win32
		{AEE6D45C-81F5-4D1F-8AF2-3B7000CACFE6}.Release|x86.Build.0 = Release|Win32
		{4C7EF76C-CF80-4436-9247-BD8D16CB60C8}.Debug|x64.ActiveCfg = Debug|x64
		{4C7EF76C-CF80-4436-9247-BD8D16CB60C8}.Debug|x64.Build.0 = Debug|x64
		{4C7EF76C-CF80-4436-9247-BD8D16CB60C8}.Debug|x86.ActiveCfg = Debug|Win32
		{4C7EF76C-CF80-4436-9247-BD8D16CB60C8}.Debug|x86.Build.0 = Debug|Win32
		{4C7EF76C-CF80-4436-9247-BD8D16CB60C8}.Release|x64.ActiveCfg = Release|x64
		{4C7EF76C-CF80-4436-9247-BD8D16CB60C8}.Release|x64.Build.0 = Release|x64
		{4C7EF76C-CF80-4436-9247-BD8D16CB60C8}.Release|x86.ActiveCfg = Release|Win32
		{4C7EF76C-CF80-4436-9247-BD8D16CB60C8}.Release|x86.Build.0 = Release|Win32
		{2C659200-5708-4B6B-A44A-11D54FE11EAA}.Debug|x64.ActiveCfg = Debug|x64
		{2C659200-5708-4B6B-A44A-11D54FE11EAA}.Debug|x64.Build.0 = Debug|x64
		{2C659200-5708-4B6B-A44A-11D54FE11EAA}.Debug|x86.ActiveCfg = Debug|Win32
		{2C659200-5708-4B6B-A44A-11D54FE11EAA}.Debug|x86.Build.0 = Debug|Win32
		{2C659200-5708-4B6B-A44A-11D54FE11EAA}.Release|x64.ActiveCfg = Release|x64
		{2C659200-5708-4B6B-A44A-11D54FE11EAA}.Release|x64.Build.0 = Release|x64
		{2C659200-5708-4B6B-A44A-11D54FE11EAA}.Release|x86.ActiveCfg = Release|Win32
		{2C659200-5708-4B6B-A44A-11D54FE11EAA}.Release|x86.Build.0 = Release|Win32
		{44B90F7A-6066-4C4F-B0B7-90976DA05FE9}.Debug|x64.ActiveCfg = Debug|x64
		{44B90F7A-6066-4C4F-B0B7-90976DA05FE9}.Debug|x64.Build.0 = Debug|x64
		{44B90F7A-6066-4C4F-B0B7-90976DA05FE9}.Debug|x86.ActiveCfg = Debug|Win32
		{44B90F7A-6066-4C4F-B0B7-90976DA05FE9}.Debug|x86.Build.0 = Debug|Win32
		{44B90F7A-6066-4C4F-B0B7-90976DA05FE9}.Release|x64.ActiveCfg = Release|x64
		{44B90F7A-6066-4C4F-B0B7-90976DA05FE9}.Release|x64.Build.0 = Release|x64
		{44B90F7A-6066-4C4F-B0B7-90976DA05FE9}.Release|x86.ActiveCfg = Release|Win32
		{44B90F7A-6066-4C4F-B0B7-90976DA05FE9}.Release|x86.Build.0 = Release|Win32
		{301CF426-A02A-4237-B2BC-39E0D3A8BF03}.Debug|x64.ActiveCfg = Debug|x64
		{301CF426-A02A-4237-B2BC-39E0D3A8BF03}.Debug|x64.Build.0 = Debug|x64
		{301CF426-A02A-4237-B2BC-39E0D3A8BF03}.Debug|x86.ActiveCfg = Debug|Win32
		{301CF426-A02A-4237-B2BC-39E0D3A8BF03}.Debug|x86.Build.0 = Debug|Win32
		{301CF426-A02A-4237-B2BC-39E0D3A8BF03}.Release|x64.ActiveCfg = Release|x64
		{301CF426-A02A-4237-B2BC-39E0D3A8BF03}.Release|x64.Build.0 = Release|x64
		{301CF426-A02A-4237-B2BC-39E0D3A8BF03}.Release|x86.ActiveCfg = Release|Win32
		{301CF426-A02A-4237-B2BC-39E0D3A8BF03}.Release|x86.Build.0 = Release|Win32
		{D0B8A177-AE49-4A93-96BB-390306FA3288}.Debug|x64.ActiveCfg = Debug|x64
		{D0B8A177-AE49-4A93-96BB-390306FA3288}.Debug|x64.Build.0 = Debug|x64
		{D0B8A177-AE49-4A93-96BB-390306FA3288}.Debug|x86.ActiveCfg = Debug|Win32
		{D0B8A177-AE49-4A93-96BB-390306FA3288}.Debug|x86.Build.0 = Debug|Win32
		{D0B8A177-AE49-4A93-96BB-390306FA3288}.Release|x64.ActiveCfg = Release|x64
		{D0B8A177-AE49-4A93-96BB-390306FA3288}.Release|x64.Build.0 = Release|x64
		{D0B8A177-AE49-4A93-96BB-390306FA3288}.Release|x86.ActiveCfg = Release|Win32
		{D0B8A177-AE49-4A93-96BB-390306FA3288}.Release|x86.Build.0 = Release|Win32
		{7EDAF0CE-3114-4B05-B155-DF1A2F5662F6}.Debug|x64.ActiveCfg = Debug|x64
		{7EDAF0CE-3114-4B05-B155-DF1A2F5662F6}.Debug|x64.Build.0 = Debug|x64
		{7EDAF0CE-3114-4B05-B155-DF1A2F5662F6}.Debug|x86.ActiveCfg = Debug|Win32
		{7EDAF0CE-3114-4B05-B155-DF1A2F5662F6}.Debug|x86.Build.0 = Debug|Win32
		{7EDAF0CE-3114-4B05-B155-DF1A2F5662F6}.Release|x64.ActiveCfg = Release|x64
		{7EDAF0CE-3114-4B05-B155-DF1A2F5662F6}.Release|x64.Build.0 = Release|x64
		{7EDAF0CE-3114-4B05-B155-DF1A2F5662F6}.Release|x86.ActiveCfg = Release|Win32
		{7EDAF0CE-3114-4B05-B155-DF1A2F5662F6}.Release|x86.Build.0 = Release|Win32
		{6EA7A9BA-0185-4BD1-B172-3E2B5BC07DB5}.Debug|x64.ActiveCfg = Debug|x64
		{6EA7A9BA-0185-4BD1-B172-3E2B5BC07DB5}.Debug|x64.Build.0 = Debug|x64
		{6EA7A9BA-0185-4BD1-B172-3E2B5BC07DB5}.Debug|x86.ActiveCfg = Debug|Win32
		{6EA7A9BA-0185-4BD1-B172-3E2B5BC07DB5}.Debug|x86.Build.0 = Debug|Win32
		{6EA7A9BA-0185-4BD1-B172-3E2B5BC07DB5}.Release|x64.ActiveCfg = Release|x64
		{6EA7A9BA-0185-4BD1-B172-3E2B5BC07DB5}.Release|x64.Build.0 = Release|x64
		{6EA7A9BA-0185-4BD1-B172-3E2B5BC07DB5}.Release|x86.ActiveCfg = Release|Win32
		{6EA7A9BA-0185-4BD1-B172-3E2B5BC07DB5}.Release|x86.Build.0 = Release|Win32
		{35489FD1-0FBA-406E-8545-C0B75881276D}.Debug|x64.ActiveCfg = Debug|x64
		{35489FD1-0FBA-406E-8545-C0B75881276D}.Debug|x64.Build.0 = Debug|x64
		{35489FD1-0FBA-406E-8545-C0B75881276D}.Debug|x86.ActiveCfg = Debug|Win32
		{35489FD1-0FBA-406E-8545-C0B75881276D}.Debug|x86.Build.0 = Debug|Win32
		{35489FD1-0FBA-406E-8545-C0B75881276D}.Release|x64.ActiveCfg = Release|x64
		{35489FD1-0FBA-406E-8545-C0B75881276D}.Release|x64.Build.0 = Release|x64
		{35489FD1-0FBA-406E-8545-C0B75881276D}.Release|x86.ActiveCfg = Release|Win32
		{35489FD1-0FBA-406E-8545-C0B75881276D}.Release|x86.Build.0 = Release|Win32
		{AD89426A-05E5-4BEA-97E4-60808159AC2E}.Debug|x64.ActiveCfg = Debug|x64
		{AD89426A-05E5-4BEA-97E4-60808159AC2E}.Debug|x64.Build.0 = Debug|x64
		{AD89426A-05E5-4BEA-97E4-60808159AC2E}.Debug|x86.ActiveCfg = Debug|Win32
		{AD89426A-05E5-4BEA-97E4-60808159AC2E}.Debug|x86.Build.0 = Debug|Win32
		{AD89426A-05E5-4BEA-97E4-60808159AC2E}.Release|x64.ActiveCfg = Release|x64
		{AD89426A-05E5-4BEA-97E4-60808159AC2E}.Release|x64.Build.0 = Release|x64
		{AD89426A-05E5-4BEA-97E4-60808159AC2E}.Release|x86.ActiveCfg = Release|Win32
		{AD89426A-05E5-4BEA-97E4-60808159AC2E}.Release|x86.Build.0 = Release|Win32
		{598F8A1D-5B9C-4E30-A0FB-EC5348A69CE3}.Debug|x64.ActiveCfg = Debug|x64
		{598F8A1D-5B9C-4E30-A0FB-EC5348A69CE3}.Debug|x64.Build.0 = Debug|x64
		{598F8A1D-5B9C-4E30-A0FB-EC5348A69CE3}.Debug|x86.ActiveCfg = Debug|Win32
		{598F8A1D-5B9C-4E30-A0FB-EC5348A69CE3}.Debug|x86.Build.0 = Debug|Win32
		{598F8A1D-5B9C-4E30-A0FB-EC5348A69CE3}.Release|x64.ActiveCfg = Release|x64
		{598F8A1D-5B9C-4E30-A0FB-EC5348A69CE3}.Release|x64.Build.0 = Release|x64
		{598F8A1D-5B9C-4E30-A0FB-EC5348A69CE3}.Release|x86.ActiveCfg = Release|Win32
		{598F8A1D-5B9C-4E30-A0FB-EC5348A69CE3}.Release|x86.Build.0 = Release|Win32
		{AB8D462A-241B-43AF-84DD-CB612EEEB51F}.Debug|x64.ActiveCfg = Debug|x64
		{AB8D462A-241B-43AF-84DD-CB612EEEB51F}.Debug|x64.Build.0 = Debug|x64
		{AB8D462A-241B-43AF-84DD-CB612EEEB51F}.Debug|x86.ActiveCfg = Debug|Win32
		{AB8D462A-241B-43AF-84DD-CB612EEEB51F}.Debug|x86.Build.0 = Debug|Win32
		{AB8D462A-241B-43AF-84DD-CB612EEEB51F}.Release|x64.ActiveCfg = Release|x64
		{AB8D462A-241B-43AF-84DD-CB612EEEB51F}.Release|x64.Build.0 = Release|x64
		{AB8D462A-241B-43AF-84DD-CB612EEEB51F}.Release|x86.ActiveCfg = Release|Win32
		{AB8D462A-241B-43AF-84DD-CB612EEEB51F}.Release|x86.Build.0 = Release|Win32
		{3E109B69-9100-4985-9D35-CDFAB36C5B36}.Debug|x64.ActiveCfg = Debug|x64
		{3E109B69-9100-4985-9D35-CDFAB36C5B36}.Debug|x64.Build.0 = Debug|x64
		{3E109B69-9100-4985-9D35-CDFAB36C5B36}.Debug|x86.ActiveCfg = Debug|Win32
		{3E109B69-9100-4985-9D35-CDFAB36C5B36}.Debug|x86.Build.0 = Debug|Win32
		{3E109B69-9100-4985-9D35-CDFAB36C5B36}.Release|x64.ActiveCfg = Release|x64
		{3E109B69-9100-4985-9D35-CDFAB36C5B36}.Release|x64.Build.0 = Release|x64
		{3E109B69-9100-4985-9D35-CDFAB36C5B36}.Release|x86.ActiveCfg = Release|Win32
		{3E109B69-9100-4985-9D35-CDFAB36C5B36}.Release|x86.Build.0 = Release|Win32
		{5E05DC92-F986-46EC-80D0-9B0123E33DF9}.Debug|x64.ActiveCfg = Debug|x64
		{5E05DC92-F986-46EC-80D0-9B0123E33DF9}.Debug|x64.Build.0 = Debug|x64
		{5E05DC92-F986-46EC-80D0-9B0123E33DF9}.Debug|x86.ActiveCfg = Debug|Win32
		{5E05DC92-F986-46EC-80D0-9B0123E33DF9}.Debug|x86.Build.0 = Debug|Win32
		{5E05DC92-F986-46EC-80D0-9B0123E33DF9}.Release|x64.ActiveCfg = Release|x64
		{5E05DC92-F986-46EC-80D0-9B0123E33DF9}.Release|x64.Build.0 = Release|x64
		{5E05DC92-F986-46EC-80D0-9B0123E33DF9}.Release|x86.ActiveCfg = Release|Win32
		{5E05DC92-F986-46EC-80D0-9B0123E33DF9}.Release|x86.Build.0 = Release|Win32
		{CD8A8CF4-5DEA-472F-88DD-49728BD6165C}.Debug|x64.ActiveCfg = Debug|x64
		{CD8A8CF4-5DEA-472F-88DD-49728BD6165C}.Debug|x64.Build.0 = Debug|x64
		{CD8A8CF4-5DEA-472F-88DD-49728BD6165C}.Debug|x86.ActiveCfg = Debug|Win32
		{CD8A8CF4-5DEA-472F-88DD-49728BD6165C}.Debug|x86.Build.0 = Debug|Win32
		{CD8A8CF4-5DEA-472F-88DD-49728BD6165C}.Release|x64.ActiveCfg = Release|x64
		{CD8A8CF4-5DEA-472F-88DD-49728BD6165C}.Release|x64.Build.0 = Release|x64
		{CD8A8CF4-5DEA-472F-88DD-49728BD6165C}.Release|x86.ActiveCfg = Release|Win32
		{CD8A8CF4-5DEA-472F-88DD-49728BD6165C}.Release|x86.Build.0 = Release|Win32
		{CD321745-8DA8-4C67-A341-21431367E607}.Debug|x64.ActiveCfg = Debug|x64
		{CD321745-8DA8-4C67-A341-21431367E607}.Debug|x64.Build.0 = Debug|x64
		{CD321745-8DA8-4C67-A341-21431367E607}.Debug|x86.ActiveCfg = Debug|Win32
		{CD321745-8DA8-4C67-A341-21431367E607}.Debug|x86.Build.0 = Debug|Win32
		{CD321745-8DA8-4C67-A341-21431367E607}.Release|x64.ActiveCfg = Release|x64
		{CD321745-8DA8-4C67-A341-21431367E607}.Release|x64.Build.0 = Release|x64
		{CD321745-8DA8-4C67-A341-21431367E607}.Release|x86.ActiveCfg = Release|Win32
		{CD321745-8DA8-4C67-A341-21431367E607}.Release|x86.Build.0 = Release|Win32
		{E967FE2E-C9C5-45CC-9907-BE5DEAA48138}.Debug|x64.ActiveCfg = Debug|x64
		{E967FE2E-C9C5-45CC-9907-BE5DEAA48138}.Debug|x64.Build.0 = Debug|x64
		{E967FE2E-C9C5-45CC-9907-BE5DEAA48138}.Debug|x86.ActiveCfg = Debug|Win32
		{E967FE2E-C9C5-45CC-9907-BE5DEAA48138}.Debug|x86.Build.0 = Debug|Win32
		{E967FE2E-C9C5-45CC-9907-BE5DEAA48138}.Release|x64.ActiveCfg = Release|x64
		{E967FE2E-C9C5-45CC-9907-BE5DEAA48138}.Release|x64.Build.0 = Release|x64
		{E967FE2E-C9C5-45CC-9907-BE5DEAA48138}.Release|x86.ActiveCfg = Release|Win32
		{E967FE2E-C9C5-45CC-9907-BE5DEAA48138}.Release|x86.Build.0 = Release|Win32
		{EA6B7486-83EE-43F7-B4A1-184D631B3751}.Debug|x64.ActiveCfg = Debug|x64
		{EA6B7486-83EE-43F7-B4A1-184D631B3751}.Debug|x64.Build.0 = Debug|x64
		{EA6B7486-83EE-43F7-B4A1-184D631B3751}.Debug|x86.ActiveCfg = Debug|Win32
		{EA6B7486-83EE-43F7-B4A1-184D631B3751}.Debug|x86.Build.0 = Debug|Win32
		{EA6B7486-83EE-43F7-B4A1-184D631B3751}.Release|x64.ActiveCfg = Release|x64
		{EA6B7486-83EE-43F7-B4A1-184D631B3751}.Release|x64.Build.0 = Release|x64
		{EA6B7486-83EE-43F7-B4A1-184D631B3751}.Release|x86.ActiveCfg = Release|Win32
		{EA6B7486-83EE-43F7-B4A1-184D631B3751}.Release|x86.Build.0 = Release|Win32
		{518E8AAB-29DB-4429-8D23-0EA24CD7BE37}.Debug|x64.ActiveCfg = Debug|x64
		{518E8AAB-29DB-4429-8D23-0EA24CD7BE37}.Debug|x64.Build.0 = Debug|x64
		{518E8AAB-29DB-4429-8D23-0EA24CD7BE37}.Debug|x86.ActiveCfg = Debug|Win32
		{518E8AAB-29DB-4429-8D23-0EA24CD7BE37}.Debug|x86.Build.0 = Debug|Win32
		{518E8AAB-29DB-4429-8D23-0EA24CD7BE37}.Release|x64.ActiveCfg = Release|x64
		{518E8AAB-29DB-4429-8D23-0EA24CD7BE37}.Release|x64.Build.0 = Release|x64
		{518E8AAB-29DB-4429-8D23-0EA24CD7BE37}.Release|x86.ActiveCfg = Release|Win32
		{518E8AAB-29DB-4429-8D23-0EA24CD7BE37}.Release|x86.Build.0 = Release|Win32
	EndGlobalSection
	GlobalSection(SolutionProperties) = preSolution
		HideSolutionNode = FALSE
	EndGlobalSection
	GlobalSection(ExtensibilityGlobals) = postSolution
		SolutionGuid = {1AA69E05-897E-4261-BDE0-B8C1DCE7FD35}
	EndGlobalSection
EndGlobal
